
Microsoft Visual Studio Solution File, Format Version 11.00
# Visual Studio 2010
Project("{E24C65DC-7377-472B-9ABA-BC803B73C61A}") = "WebSite", "WebSite", "{499E634A-550A-4F84-A3D3-C159E5C4F94E}"
	ProjectSection(WebsiteProperties) = preProject
		SccProjectName = "SAK"
		SccAuxPath = "SAK"
		SccLocalPath = "SAK"
		SccProvider = "SAK"
		TargetFrameworkMoniker = ".NETFramework,Version%3Dv4.0"
		ProjectReferences = "{6A3BC29B-9FCD-4D5A-B487-B3875A4589F5}|Toyota.eCRB.iCROP.BizLogic.SC3010201.dll;{78AB5529-DDA7-4515-8F2F-9652C06F775B}|Toyota.eCRB.iCROP.BizLogic.SC3040101.dll;{5DDD61D5-0E9E-4B07-B4DE-F9DADB6C6975}|Toyota.eCRB.iCROP.DataAccess.SC3010201.dll;{FB2BA545-B99E-4D17-BF3C-D6D9EA305B52}|Toyota.eCRB.iCROP.DataAccess.SC3040101.dll;{409CDCE0-1C34-4F54-BA63-3B133A9AB229}|Toyota.eCRB.iCROP.BizLogic.SC3010203.dll;{5F698A43-95D5-4506-8F01-5FB2597B4F1B}|Toyota.eCRB.iCROP.DataAccess.SC3010203.dll;{52034705-5F6F-4D37-B14C-2D3381E34E4C}|Toyota.eCRB.iCROP..BizLogic.CalenderXmlCreateClass.dll;{59BE7D9B-4A23-4DF8-9A84-6AB7DEF27DD5}|Toyota.eCRB.iCROP.DataAccess.CalenderXmlCreateClass.dll;{5A936AAB-1ECA-4E9D-9F65-C7CE10DA0A70}|Toyota.eCRB.iCROP.BizLogic.IC3040801.dll;{A03F79CE-351D-4675-9556-7DA799627BAB}|Toyota.eCRB.iCROP.DataAccess.IC3040801.dll;{8469D5A2-D578-4F6D-9248-570E669BAA7B}|Toyota.eCRB.iCROP.BizLogic.VisitUtility.dll;{0A1A2FEE-41D5-4DEE-9BC0-BB14E325693C}|Toyota.eCRB.iCROP.DataAccess.IC3810101.dll;{00ADFB6E-226C-4247-8BE9-36DF3BB60E48}|Toyota.eCRB.iCROP.BizLogic.IC3810101.dll;{01BBAB6B-0810-42FC-8F0F-1B9F61295BBB}|Toyota.eCRB.iCROP.BizLogic.SC3090301.dll;{A50A1215-1D90-4584-AF7A-E0D5C838F1E4}|Toyota.eCRB.iCROP.DataAccess.SC3090301.dll;{A5F585C9-DF4E-4863-A3E8-1D4792AA5BC5}|Toyota.eCRB.iCROP.DataAccess.UpdateSalesVisit.dll;{D03F5FF7-5064-43FD-8BCF-B305411A05F9}|Toyota.eCRB.iCROP.BizLogic.IC3040802.dll;{F4656DEB-0527-474D-9E27-094C044EAE28}|Toyota.eCRB.iCROP.DataAccess.IC3040802.dll;{9D775875-B879-44A8-89D7-EB149B46C4E3}|Toyota.eCRB.iCROP.BizLogic.UpdateSalesVisit.dll;{715859B3-51DA-4AB5-BDFE-692E32B16421}|Toyota.eCRB.iCROP.BizLogic.IC3100301.dll;{B8AC6F0A-CF8E-47EC-9638-B0C9F55D1840}|Toyota.eCRB.iCROP.BizLogic.IC3801003.dll;{FEB5BC34-9499-48A8-8240-03B661F69B9F}|Toyota.eCRB.iCROP.BizLogic.IC3801008.dll;{19915A90-CCA9-4DDE-AF72-80ADD367B357}|Toyota.eCRB.iCROP.BizLogic.IC3801009.dll;{2B23C421-666F-4BFF-9A78-12D4788E5ECE}|Toyota.eCRB.iCROP.BizLogic.IC3801010.dll;{81B36ACF-95CF-404E-8612-6674EC4522CB}|Toyota.eCRB.iCROP.BizLogic.IC3801011.dll;{79B16759-EF46-45FD-9A72-AD3FCB116241}|Toyota.eCRB.iCROP.DataAccess.IC3801003.dll;{855240CA-2378-45E0-9197-1CAF623A253D}|Toyota.eCRB.iCROP.DataAccess.VisitUtility.dll;{1E559816-5B87-4FFB-9CB8-0FEA414CB44C}|Toyota.eCRB.iCROP.DataAccess.VisitReception.dll;{3AEF3169-D578-4CC0-9146-6BE2892DDDB9}|Toyota.eCRB.iCROP.BizLogic.VisitReception.dll;{8ED66970-687B-4A27-A079-B06F97405765}|Toyota.eCRB.iCROP.BizLogic.SC3090401.dll;{FC571D16-29F6-47E6-892C-91BF4E7F7326}|Toyota.eCRB.iCROP.DataAccess.SC3090401.dll;{0B0C41ED-A7ED-4539-B8F4-6E231ACE91DC}|Toyota.eCRB.iCROP.BizLogic.ServiceCommonClass.dll;{251D3574-7BBE-450B-8EDB-FCF58D3B5F7B}|Toyota.eCRB.iCROP.DataAccess.ServiceCommonClass.dll;"
		Debug.AspNetCompiler.VirtualPath = "/WebSite"
		Debug.AspNetCompiler.PhysicalPath = "WebSite\"
		Debug.AspNetCompiler.TargetPath = "PrecompiledWeb\WebSite\"
		Debug.AspNetCompiler.Updateable = "true"
		Debug.AspNetCompiler.ForceOverwrite = "true"
		Debug.AspNetCompiler.FixedNames = "false"
		Debug.AspNetCompiler.Debug = "True"
		Release.AspNetCompiler.VirtualPath = "/WebSite"
		Release.AspNetCompiler.PhysicalPath = "WebSite\"
		Release.AspNetCompiler.TargetPath = "PrecompiledWeb\WebSite\"
		Release.AspNetCompiler.Updateable = "true"
		Release.AspNetCompiler.ForceOverwrite = "true"
		Release.AspNetCompiler.FixedNames = "false"
		Release.AspNetCompiler.Debug = "False"
		VWDPort = "2197"
	EndProjectSection
	ProjectSection(ProjectDependencies) = postProject
		{B8AC6F0A-CF8E-47EC-9638-B0C9F55D1840} = {B8AC6F0A-CF8E-47EC-9638-B0C9F55D1840}
		{2B23C421-666F-4BFF-9A78-12D4788E5ECE} = {2B23C421-666F-4BFF-9A78-12D4788E5ECE}
		{FEB5BC34-9499-48A8-8240-03B661F69B9F} = {FEB5BC34-9499-48A8-8240-03B661F69B9F}
		{79B16759-EF46-45FD-9A72-AD3FCB116241} = {79B16759-EF46-45FD-9A72-AD3FCB116241}
		{251D3574-7BBE-450B-8EDB-FCF58D3B5F7B} = {251D3574-7BBE-450B-8EDB-FCF58D3B5F7B}
		{19915A90-CCA9-4DDE-AF72-80ADD367B357} = {19915A90-CCA9-4DDE-AF72-80ADD367B357}
		{8469D5A2-D578-4F6D-9248-570E669BAA7B} = {8469D5A2-D578-4F6D-9248-570E669BAA7B}
		{5A936AAB-1ECA-4E9D-9F65-C7CE10DA0A70} = {5A936AAB-1ECA-4E9D-9F65-C7CE10DA0A70}
		{A03F79CE-351D-4675-9556-7DA799627BAB} = {A03F79CE-351D-4675-9556-7DA799627BAB}
		{81B36ACF-95CF-404E-8612-6674EC4522CB} = {81B36ACF-95CF-404E-8612-6674EC4522CB}
		{0B0C41ED-A7ED-4539-B8F4-6E231ACE91DC} = {0B0C41ED-A7ED-4539-B8F4-6E231ACE91DC}
	EndProjectSection
EndProject
Project("{2150E333-8FDC-42A3-9474-1A3956D46DE8}") = "Solution Items", "Solution Items", "{2FD8401F-BB79-45B2-A54F-EF7B3D436E39}"
	ProjectSection(SolutionItems) = preProject
		Build.msbuild = Build.msbuild
		次世代e-CRB.ruleset = 次世代e-CRB.ruleset
	EndProjectSection
EndProject
Project("{F184B08F-C81C-45F6-A57F-5ABD9991F28F}") = "Toyota.eCRB.iCROP.DataAccess.SC3010201", "DataAccess\Toyota.eCRB.iCROP.DataAccess.SC3010201\Toyota.eCRB.iCROP.DataAccess.SC3010201.vbproj", "{5DDD61D5-0E9E-4B07-B4DE-F9DADB6C6975}"
EndProject
Project("{F184B08F-C81C-45F6-A57F-5ABD9991F28F}") = "Toyota.eCRB.iCROP.DataAccess.SC3040101", "DataAccess\Toyota.eCRB.iCROP.DataAccess.SC3040101\Toyota.eCRB.iCROP.DataAccess.SC3040101.vbproj", "{FB2BA545-B99E-4D17-BF3C-D6D9EA305B52}"
EndProject
Project("{F184B08F-C81C-45F6-A57F-5ABD9991F28F}") = "Toyota.eCRB.iCROP.BizLogic.SC3010201", "BizLogic\Toyota.eCRB.iCROP.BizLogic.SC3010201\Toyota.eCRB.iCROP.BizLogic.SC3010201.vbproj", "{6A3BC29B-9FCD-4D5A-B487-B3875A4589F5}"
EndProject
Project("{F184B08F-C81C-45F6-A57F-5ABD9991F28F}") = "Toyota.eCRB.iCROP.BizLogic.SC3040101", "BizLogic\Toyota.eCRB.iCROP.BizLogic.SC3040101\Toyota.eCRB.iCROP.BizLogic.SC3040101.vbproj", "{78AB5529-DDA7-4515-8F2F-9652C06F775B}"
EndProject
Project("{F184B08F-C81C-45F6-A57F-5ABD9991F28F}") = "Toyota.eCRB.iCROP.BizLogic.CalenderXmlCreateClass", "BizLogic\Toyota.eCRB.iCROP.BizLogic.CalenderXmlCreateClass\Toyota.eCRB.iCROP.BizLogic.CalenderXmlCreateClass.vbproj", "{52034705-5F6F-4D37-B14C-2D3381E34E4C}"
EndProject
Project("{F184B08F-C81C-45F6-A57F-5ABD9991F28F}") = "Toyota.eCRB.iCROP.DataAccess.CalenderXmlCreateClass", "DataAccess\Toyota.eCRB.iCROP.DataAccess.CalenderXmlCreateClass\Toyota.eCRB.iCROP.DataAccess.CalenderXmlCreateClass.vbproj", "{59BE7D9B-4A23-4DF8-9A84-6AB7DEF27DD5}"
EndProject
Project("{F184B08F-C81C-45F6-A57F-5ABD9991F28F}") = "Toyota.eCRB.iCROP.DataAccess.SC3010203", "DataAccess\Toyota.eCRB.iCROP.DataAccess.SC3010203\Toyota.eCRB.iCROP.DataAccess.SC3010203.vbproj", "{5F698A43-95D5-4506-8F01-5FB2597B4F1B}"
EndProject
Project("{F184B08F-C81C-45F6-A57F-5ABD9991F28F}") = "Toyota.eCRB.iCROP.BizLogic.SC3010203", "BizLogic\Toyota.eCRB.iCROP.BizLogic.SC3010203\Toyota.eCRB.iCROP.BizLogic.SC3010203.vbproj", "{409CDCE0-1C34-4F54-BA63-3B133A9AB229}"
EndProject
Project("{F184B08F-C81C-45F6-A57F-5ABD9991F28F}") = "Toyota.eCRB.iCROP.DataAccess.IC3040801", "DataAccess\Toyota.eCRB.iCROP.DataAccess.IC3040801\Toyota.eCRB.iCROP.DataAccess.IC3040801.vbproj", "{A03F79CE-351D-4675-9556-7DA799627BAB}"
EndProject
Project("{F184B08F-C81C-45F6-A57F-5ABD9991F28F}") = "Toyota.eCRB.iCROP.BizLogic.IC3040801", "BizLogic\Toyota.eCRB.iCROP.BizLogic.IC3040801\Toyota.eCRB.iCROP.BizLogic.IC3040801.vbproj", "{5A936AAB-1ECA-4E9D-9F65-C7CE10DA0A70}"
EndProject
Project("{F184B08F-C81C-45F6-A57F-5ABD9991F28F}") = "Toyota.eCRB.iCROP.BizLogic.VisitUtility", "BizLogic\Toyota.eCRB.iCROP.BizLogic.VisitUtility\Toyota.eCRB.iCROP.BizLogic.VisitUtility.vbproj", "{8469D5A2-D578-4F6D-9248-570E669BAA7B}"
EndProject
Project("{F184B08F-C81C-45F6-A57F-5ABD9991F28F}") = "Toyota.eCRB.iCROP.DataAccess.IC3810101", "DataAccess\Toyota.eCRB.iCROP.DataAccess.IC3810101\Toyota.eCRB.iCROP.DataAccess.IC3810101.vbproj", "{0A1A2FEE-41D5-4DEE-9BC0-BB14E325693C}"
EndProject
Project("{F184B08F-C81C-45F6-A57F-5ABD9991F28F}") = "Toyota.eCRB.iCROP.BizLogic.IC3810101", "BizLogic\Toyota.eCRB.iCROP.BizLogic.IC3810101\Toyota.eCRB.iCROP.BizLogic.IC3810101.vbproj", "{00ADFB6E-226C-4247-8BE9-36DF3BB60E48}"
EndProject
Project("{F184B08F-C81C-45F6-A57F-5ABD9991F28F}") = "Toyota.eCRB.iCROP.BizLogic.SC3090301", "BizLogic\Toyota.eCRB.iCROP.BizLogic.SC3090301\Toyota.eCRB.iCROP.BizLogic.SC3090301.vbproj", "{01BBAB6B-0810-42FC-8F0F-1B9F61295BBB}"
	ProjectSection(ProjectDependencies) = postProject
		{A50A1215-1D90-4584-AF7A-E0D5C838F1E4} = {A50A1215-1D90-4584-AF7A-E0D5C838F1E4}
	EndProjectSection
EndProject
Project("{F184B08F-C81C-45F6-A57F-5ABD9991F28F}") = "Toyota.eCRB.iCROP.DataAccess.SC3090301", "DataAccess\Toyota.eCRB.iCROP.DataAccess.SC3090301\Toyota.eCRB.iCROP.DataAccess.SC3090301.vbproj", "{A50A1215-1D90-4584-AF7A-E0D5C838F1E4}"
EndProject
Project("{F184B08F-C81C-45F6-A57F-5ABD9991F28F}") = "Toyota.eCRB.iCROP.DataAccess.UpdateSalesVisit", "DataAccess\Toyota.eCRB.iCROP.DataAccess.UpdateSalesVisit\Toyota.eCRB.iCROP.DataAccess.UpdateSalesVisit.vbproj", "{A5F585C9-DF4E-4863-A3E8-1D4792AA5BC5}"
EndProject
Project("{F184B08F-C81C-45F6-A57F-5ABD9991F28F}") = "Toyota.eCRB.iCROP.DataAccess.IC3040802", "DataAccess\Toyota.eCRB.iCROP.DataAccess.IC3040802\Toyota.eCRB.iCROP.DataAccess.IC3040802.vbproj", "{F4656DEB-0527-474D-9E27-094C044EAE28}"
EndProject
Project("{F184B08F-C81C-45F6-A57F-5ABD9991F28F}") = "Toyota.eCRB.iCROP.BizLogic.IC3040802", "BizLogic\Toyota.eCRB.iCROP.BizLogic.IC3040802\Toyota.eCRB.iCROP.BizLogic.IC3040802.vbproj", "{D03F5FF7-5064-43FD-8BCF-B305411A05F9}"
EndProject
Project("{F184B08F-C81C-45F6-A57F-5ABD9991F28F}") = "Toyota.eCRB.iCROP.BizLogic.UpdateSalesVisit", "BizLogic\Toyota.eCRB.iCROP.BizLogic.UpdateSalesVisit\Toyota.eCRB.iCROP.BizLogic.UpdateSalesVisit.vbproj", "{9D775875-B879-44A8-89D7-EB149B46C4E3}"
EndProject
Project("{F184B08F-C81C-45F6-A57F-5ABD9991F28F}") = "Toyota.eCRB.iCROP.BizLogic.IC3100301", "BizLogic\Toyota.eCRB.iCROP.BizLogic.IC3100301\Toyota.eCRB.iCROP.BizLogic.IC3100301.vbproj", "{715859B3-51DA-4AB5-BDFE-692E32B16421}"
EndProject
Project("{F184B08F-C81C-45F6-A57F-5ABD9991F28F}") = "Toyota.eCRB.iCROP.BizLogic.IC3801003", "BizLogic\Toyota.eCRB.iCROP.BizLogic.IC3801003\Toyota.eCRB.iCROP.BizLogic.IC3801003.vbproj", "{B8AC6F0A-CF8E-47EC-9638-B0C9F55D1840}"
EndProject
Project("{F184B08F-C81C-45F6-A57F-5ABD9991F28F}") = "Toyota.eCRB.iCROP.BizLogic.IC3801008", "BizLogic\Toyota.eCRB.iCROP.BizLogic.IC3801008\Toyota.eCRB.iCROP.BizLogic.IC3801008.vbproj", "{FEB5BC34-9499-48A8-8240-03B661F69B9F}"
EndProject
Project("{F184B08F-C81C-45F6-A57F-5ABD9991F28F}") = "Toyota.eCRB.iCROP.BizLogic.IC3801009", "BizLogic\Toyota.eCRB.iCROP.BizLogic.IC3801009\Toyota.eCRB.iCROP.BizLogic.IC3801009.vbproj", "{19915A90-CCA9-4DDE-AF72-80ADD367B357}"
EndProject
Project("{F184B08F-C81C-45F6-A57F-5ABD9991F28F}") = "Toyota.eCRB.iCROP.BizLogic.IC3801010", "BizLogic\Toyota.eCRB.iCROP.BizLogic.IC3801010\Toyota.eCRB.iCROP.BizLogic.IC3801010.vbproj", "{2B23C421-666F-4BFF-9A78-12D4788E5ECE}"
EndProject
Project("{F184B08F-C81C-45F6-A57F-5ABD9991F28F}") = "Toyota.eCRB.iCROP.BizLogic.IC3801011", "BizLogic\Toyota.eCRB.iCROP.BizLogic.IC3801011\Toyota.eCRB.iCROP.BizLogic.IC3801011.vbproj", "{81B36ACF-95CF-404E-8612-6674EC4522CB}"
EndProject
Project("{F184B08F-C81C-45F6-A57F-5ABD9991F28F}") = "Toyota.eCRB.iCROP.DataAccess.IC3801003", "DataAccess\Toyota.eCRB.iCROP.DataAccess.IC3801003\Toyota.eCRB.iCROP.DataAccess.IC3801003.vbproj", "{79B16759-EF46-45FD-9A72-AD3FCB116241}"
EndProject
Project("{F184B08F-C81C-45F6-A57F-5ABD9991F28F}") = "Toyota.eCRB.iCROP.DataAccess.VisitUtility", "DataAccess\Toyota.eCRB.iCROP.DataAccess.VisitUtility\Toyota.eCRB.iCROP.DataAccess.VisitUtility.vbproj", "{855240CA-2378-45E0-9197-1CAF623A253D}"
EndProject
Project("{F184B08F-C81C-45F6-A57F-5ABD9991F28F}") = "Toyota.eCRB.iCROP.BizLogic.VisitReception", "BizLogic\Toyota.eCRB.iCROP.BizLogic.VisitReception\Toyota.eCRB.iCROP.BizLogic.VisitReception.vbproj", "{3AEF3169-D578-4CC0-9146-6BE2892DDDB9}"
EndProject
Project("{F184B08F-C81C-45F6-A57F-5ABD9991F28F}") = "Toyota.eCRB.iCROP.DataAccess.VisitReception", "DataAccess\Toyota.eCRB.iCROP.DataAccess.VisitReception\Toyota.eCRB.iCROP.DataAccess.VisitReception.vbproj", "{1E559816-5B87-4FFB-9CB8-0FEA414CB44C}"
EndProject
Project("{F184B08F-C81C-45F6-A57F-5ABD9991F28F}") = "Toyota.eCRB.iCROP.DataAccess.SC3090401", "DataAccess\Toyota.eCRB.iCROP.DataAccess.SC3090401\Toyota.eCRB.iCROP.DataAccess.SC3090401.vbproj", "{FC571D16-29F6-47E6-892C-91BF4E7F7326}"
EndProject
Project("{F184B08F-C81C-45F6-A57F-5ABD9991F28F}") = "Toyota.eCRB.iCROP.BizLogic.SC3090401", "BizLogic\Toyota.eCRB.iCROP.BizLogic.SC3090401\Toyota.eCRB.iCROP.BizLogic.SC3090401.vbproj", "{8ED66970-687B-4A27-A079-B06F97405765}"
EndProject
Project("{F184B08F-C81C-45F6-A57F-5ABD9991F28F}") = "Toyota.eCRB.iCROP.BizLogic.CommonClass", "BizLogic\Toyota.eCRB.iCROP.BizLogic.CommonClass\Toyota.eCRB.iCROP.BizLogic.CommonClass.vbproj", "{0B0C41ED-A7ED-4539-B8F4-6E231ACE91DC}"
EndProject
Project("{F184B08F-C81C-45F6-A57F-5ABD9991F28F}") = "Toyota.eCRB.iCROP.DataAccess.CommonClass", "DataAccess\Toyota.eCRB.iCROP.DataAccess.CommonClass\Toyota.eCRB.iCROP.DataAccess.CommonClass.vbproj", "{251D3574-7BBE-450B-8EDB-FCF58D3B5F7B}"
EndProject
Global
	GlobalSection(TeamFoundationVersionControl) = preSolution
		SccNumberOfProjects = 35
		SccEnterpriseProvider = {4CA58AB2-18FA-4F8D-95D4-32DDF27D184C}
		SccTeamFoundationServer = http://127.0.0.1:18080/tfs/e-crb_collection
		SccLocalPath0 = .
		SccProjectUniqueName1 = DataAccess\\Toyota.eCRB.iCROP.DataAccess.SC3010201\\Toyota.eCRB.iCROP.DataAccess.SC3010201.vbproj
		SccProjectName1 = DataAccess/Toyota.eCRB.iCROP.DataAccess.SC3010201
		SccLocalPath1 = DataAccess\\Toyota.eCRB.iCROP.DataAccess.SC3010201
		SccProjectUniqueName2 = DataAccess\\Toyota.eCRB.iCROP.DataAccess.SC3040101\\Toyota.eCRB.iCROP.DataAccess.SC3040101.vbproj
		SccProjectName2 = DataAccess/Toyota.eCRB.iCROP.DataAccess.SC3040101
		SccLocalPath2 = DataAccess\\Toyota.eCRB.iCROP.DataAccess.SC3040101
		SccProjectUniqueName3 = BizLogic\\Toyota.eCRB.iCROP.BizLogic.SC3010201\\Toyota.eCRB.iCROP.BizLogic.SC3010201.vbproj
		SccProjectName3 = BizLogic/Toyota.eCRB.iCROP.BizLogic.SC3010201
		SccLocalPath3 = BizLogic\\Toyota.eCRB.iCROP.BizLogic.SC3010201
		SccProjectUniqueName4 = BizLogic\\Toyota.eCRB.iCROP.BizLogic.SC3040101\\Toyota.eCRB.iCROP.BizLogic.SC3040101.vbproj
		SccProjectName4 = BizLogic/Toyota.eCRB.iCROP.BizLogic.SC3040101
		SccLocalPath4 = BizLogic\\Toyota.eCRB.iCROP.BizLogic.SC3040101
		SccProjectUniqueName5 = BizLogic\\Toyota.eCRB.iCROP.BizLogic.CalenderXmlCreateClass\\Toyota.eCRB.iCROP.BizLogic.CalenderXmlCreateClass.vbproj
		SccProjectName5 = BizLogic/Toyota.eCRB.iCROP.BizLogic.CalenderXmlCreateClass
		SccLocalPath5 = BizLogic\\Toyota.eCRB.iCROP.BizLogic.CalenderXmlCreateClass
		SccProjectUniqueName6 = DataAccess\\Toyota.eCRB.iCROP.DataAccess.CalenderXmlCreateClass\\Toyota.eCRB.iCROP.DataAccess.CalenderXmlCreateClass.vbproj
		SccProjectName6 = DataAccess/Toyota.eCRB.iCROP.DataAccess.CalenderXmlCreateClass
		SccLocalPath6 = DataAccess\\Toyota.eCRB.iCROP.DataAccess.CalenderXmlCreateClass
		SccProjectUniqueName7 = DataAccess\\Toyota.eCRB.iCROP.DataAccess.SC3010203\\Toyota.eCRB.iCROP.DataAccess.SC3010203.vbproj
		SccProjectName7 = DataAccess/Toyota.eCRB.iCROP.DataAccess.SC3010203
		SccLocalPath7 = DataAccess\\Toyota.eCRB.iCROP.DataAccess.SC3010203
		SccProjectUniqueName8 = BizLogic\\Toyota.eCRB.iCROP.BizLogic.SC3010203\\Toyota.eCRB.iCROP.BizLogic.SC3010203.vbproj
		SccProjectName8 = BizLogic/Toyota.eCRB.iCROP.BizLogic.SC3010203
		SccLocalPath8 = BizLogic\\Toyota.eCRB.iCROP.BizLogic.SC3010203
		SccProjectUniqueName9 = DataAccess\\Toyota.eCRB.iCROP.DataAccess.IC3040801\\Toyota.eCRB.iCROP.DataAccess.IC3040801.vbproj
		SccProjectName9 = DataAccess/Toyota.eCRB.iCROP.DataAccess.IC3040801
		SccLocalPath9 = DataAccess\\Toyota.eCRB.iCROP.DataAccess.IC3040801
		SccProjectUniqueName10 = BizLogic\\Toyota.eCRB.iCROP.BizLogic.IC3040801\\Toyota.eCRB.iCROP.BizLogic.IC3040801.vbproj
		SccProjectName10 = BizLogic/Toyota.eCRB.iCROP.BizLogic.IC3040801
		SccLocalPath10 = BizLogic\\Toyota.eCRB.iCROP.BizLogic.IC3040801
		SccProjectUniqueName11 = BizLogic\\Toyota.eCRB.iCROP.BizLogic.VisitUtility\\Toyota.eCRB.iCROP.BizLogic.VisitUtility.vbproj
		SccProjectName11 = BizLogic/Toyota.eCRB.iCROP.BizLogic.VisitUtility
		SccLocalPath11 = BizLogic\\Toyota.eCRB.iCROP.BizLogic.VisitUtility
		SccProjectUniqueName12 = DataAccess\\Toyota.eCRB.iCROP.DataAccess.IC3810101\\Toyota.eCRB.iCROP.DataAccess.IC3810101.vbproj
		SccProjectName12 = DataAccess/Toyota.eCRB.iCROP.DataAccess.IC3810101
		SccLocalPath12 = DataAccess\\Toyota.eCRB.iCROP.DataAccess.IC3810101
		SccProjectUniqueName13 = BizLogic\\Toyota.eCRB.iCROP.BizLogic.IC3810101\\Toyota.eCRB.iCROP.BizLogic.IC3810101.vbproj
		SccProjectName13 = BizLogic/Toyota.eCRB.iCROP.BizLogic.IC3810101
		SccLocalPath13 = BizLogic\\Toyota.eCRB.iCROP.BizLogic.IC3810101
		SccProjectUniqueName14 = BizLogic\\Toyota.eCRB.iCROP.BizLogic.SC3090301\\Toyota.eCRB.iCROP.BizLogic.SC3090301.vbproj
		SccProjectName14 = BizLogic/Toyota.eCRB.iCROP.BizLogic.SC3090301
		SccLocalPath14 = BizLogic\\Toyota.eCRB.iCROP.BizLogic.SC3090301
		SccProjectUniqueName15 = DataAccess\\Toyota.eCRB.iCROP.DataAccess.SC3090301\\Toyota.eCRB.iCROP.DataAccess.SC3090301.vbproj
		SccProjectName15 = DataAccess/Toyota.eCRB.iCROP.DataAccess.SC3090301
		SccLocalPath15 = DataAccess\\Toyota.eCRB.iCROP.DataAccess.SC3090301
		SccProjectUniqueName16 = DataAccess\\Toyota.eCRB.iCROP.DataAccess.UpdateSalesVisit\\Toyota.eCRB.iCROP.DataAccess.UpdateSalesVisit.vbproj
		SccProjectName16 = DataAccess/Toyota.eCRB.iCROP.DataAccess.UpdateSalesVisit
		SccLocalPath16 = DataAccess\\Toyota.eCRB.iCROP.DataAccess.UpdateSalesVisit
		SccProjectUniqueName17 = DataAccess\\Toyota.eCRB.iCROP.DataAccess.IC3040802\\Toyota.eCRB.iCROP.DataAccess.IC3040802.vbproj
		SccProjectName17 = DataAccess/Toyota.eCRB.iCROP.DataAccess.IC3040802
		SccLocalPath17 = DataAccess\\Toyota.eCRB.iCROP.DataAccess.IC3040802
		SccProjectUniqueName18 = BizLogic\\Toyota.eCRB.iCROP.BizLogic.IC3040802\\Toyota.eCRB.iCROP.BizLogic.IC3040802.vbproj
		SccProjectName18 = BizLogic/Toyota.eCRB.iCROP.BizLogic.IC3040802
		SccLocalPath18 = BizLogic\\Toyota.eCRB.iCROP.BizLogic.IC3040802
		SccProjectUniqueName19 = BizLogic\\Toyota.eCRB.iCROP.BizLogic.UpdateSalesVisit\\Toyota.eCRB.iCROP.BizLogic.UpdateSalesVisit.vbproj
		SccProjectName19 = BizLogic/Toyota.eCRB.iCROP.BizLogic.UpdateSalesVisit
		SccLocalPath19 = BizLogic\\Toyota.eCRB.iCROP.BizLogic.UpdateSalesVisit
		SccProjectUniqueName20 = BizLogic\\Toyota.eCRB.iCROP.BizLogic.IC3100301\\Toyota.eCRB.iCROP.BizLogic.IC3100301.vbproj
		SccProjectName20 = BizLogic/Toyota.eCRB.iCROP.BizLogic.IC3100301
		SccLocalPath20 = BizLogic\\Toyota.eCRB.iCROP.BizLogic.IC3100301
		SccProjectUniqueName21 = BizLogic\\Toyota.eCRB.iCROP.BizLogic.IC3801003\\Toyota.eCRB.iCROP.BizLogic.IC3801003.vbproj
		SccProjectName21 = BizLogic/Toyota.eCRB.iCROP.BizLogic.IC3801003
		SccLocalPath21 = BizLogic\\Toyota.eCRB.iCROP.BizLogic.IC3801003
		SccProjectUniqueName22 = BizLogic\\Toyota.eCRB.iCROP.BizLogic.IC3801008\\Toyota.eCRB.iCROP.BizLogic.IC3801008.vbproj
		SccProjectName22 = BizLogic/Toyota.eCRB.iCROP.BizLogic.IC3801008
		SccLocalPath22 = BizLogic\\Toyota.eCRB.iCROP.BizLogic.IC3801008
		SccProjectUniqueName23 = BizLogic\\Toyota.eCRB.iCROP.BizLogic.IC3801009\\Toyota.eCRB.iCROP.BizLogic.IC3801009.vbproj
		SccProjectName23 = BizLogic/Toyota.eCRB.iCROP.BizLogic.IC3801009
		SccLocalPath23 = BizLogic\\Toyota.eCRB.iCROP.BizLogic.IC3801009
		SccProjectUniqueName24 = BizLogic\\Toyota.eCRB.iCROP.BizLogic.IC3801010\\Toyota.eCRB.iCROP.BizLogic.IC3801010.vbproj
		SccProjectName24 = BizLogic/Toyota.eCRB.iCROP.BizLogic.IC3801010
		SccLocalPath24 = BizLogic\\Toyota.eCRB.iCROP.BizLogic.IC3801010
		SccProjectUniqueName25 = BizLogic\\Toyota.eCRB.iCROP.BizLogic.IC3801011\\Toyota.eCRB.iCROP.BizLogic.IC3801011.vbproj
		SccProjectName25 = BizLogic/Toyota.eCRB.iCROP.BizLogic.IC3801011
		SccLocalPath25 = BizLogic\\Toyota.eCRB.iCROP.BizLogic.IC3801011
		SccProjectUniqueName26 = DataAccess\\Toyota.eCRB.iCROP.DataAccess.IC3801003\\Toyota.eCRB.iCROP.DataAccess.IC3801003.vbproj
		SccProjectName26 = DataAccess/Toyota.eCRB.iCROP.DataAccess.IC3801003
		SccLocalPath26 = DataAccess\\Toyota.eCRB.iCROP.DataAccess.IC3801003
		SccProjectUniqueName27 = DataAccess\\Toyota.eCRB.iCROP.DataAccess.VisitUtility\\Toyota.eCRB.iCROP.DataAccess.VisitUtility.vbproj
		SccProjectName27 = DataAccess/Toyota.eCRB.iCROP.DataAccess.VisitUtility
		SccLocalPath27 = DataAccess\\Toyota.eCRB.iCROP.DataAccess.VisitUtility
		SccProjectUniqueName28 = BizLogic\\Toyota.eCRB.iCROP.BizLogic.VisitReception\\Toyota.eCRB.iCROP.BizLogic.VisitReception.vbproj
		SccProjectName28 = BizLogic/Toyota.eCRB.iCROP.BizLogic.VisitReception
		SccLocalPath28 = BizLogic\\Toyota.eCRB.iCROP.BizLogic.VisitReception
		SccProjectUniqueName29 = DataAccess\\Toyota.eCRB.iCROP.DataAccess.VisitReception\\Toyota.eCRB.iCROP.DataAccess.VisitReception.vbproj
		SccProjectName29 = DataAccess/Toyota.eCRB.iCROP.DataAccess.VisitReception
		SccLocalPath29 = DataAccess\\Toyota.eCRB.iCROP.DataAccess.VisitReception
		SccProjectUniqueName30 = DataAccess\\Toyota.eCRB.iCROP.DataAccess.SC3090401\\Toyota.eCRB.iCROP.DataAccess.SC3090401.vbproj
		SccProjectName30 = DataAccess/Toyota.eCRB.iCROP.DataAccess.SC3090401
		SccLocalPath30 = DataAccess\\Toyota.eCRB.iCROP.DataAccess.SC3090401
		SccProjectUniqueName31 = BizLogic\\Toyota.eCRB.iCROP.BizLogic.SC3090401\\Toyota.eCRB.iCROP.BizLogic.SC3090401.vbproj
		SccProjectName31 = BizLogic/Toyota.eCRB.iCROP.BizLogic.SC3090401
		SccLocalPath31 = BizLogic\\Toyota.eCRB.iCROP.BizLogic.SC3090401
		SccWebProject32 = true
		SccProjectUniqueName32 = WebSite
		SccProjectName32 = WebSite
		SccLocalPath32 = WebSite
		SccProjectEnlistmentChoice32 = 2
		SccProjectUniqueName33 = BizLogic\\Toyota.eCRB.iCROP.BizLogic.CommonClass\\Toyota.eCRB.iCROP.BizLogic.CommonClass.vbproj
		SccProjectName33 = BizLogic/Toyota.eCRB.iCROP.BizLogic.CommonClass
		SccLocalPath33 = BizLogic\\Toyota.eCRB.iCROP.BizLogic.CommonClass
		SccProjectUniqueName34 = DataAccess\\Toyota.eCRB.iCROP.DataAccess.CommonClass\\Toyota.eCRB.iCROP.DataAccess.CommonClass.vbproj
		SccProjectName34 = DataAccess/Toyota.eCRB.iCROP.DataAccess.CommonClass
		SccLocalPath34 = DataAccess\\Toyota.eCRB.iCROP.DataAccess.CommonClass
	EndGlobalSection
	GlobalSection(SolutionConfigurationPlatforms) = preSolution
		Debug|Any CPU = Debug|Any CPU
		Debug|Mixed Platforms = Debug|Mixed Platforms
		Debug|x86 = Debug|x86
		Release|Any CPU = Release|Any CPU
		Release|Mixed Platforms = Release|Mixed Platforms
		Release|x86 = Release|x86
	EndGlobalSection
	GlobalSection(ProjectConfigurationPlatforms) = postSolution
		{499E634A-550A-4F84-A3D3-C159E5C4F94E}.Debug|Any CPU.ActiveCfg = Debug|Any CPU
		{499E634A-550A-4F84-A3D3-C159E5C4F94E}.Debug|Any CPU.Build.0 = Debug|Any CPU
		{499E634A-550A-4F84-A3D3-C159E5C4F94E}.Debug|Mixed Platforms.ActiveCfg = Debug|Any CPU
		{499E634A-550A-4F84-A3D3-C159E5C4F94E}.Debug|Mixed Platforms.Build.0 = Debug|Any CPU
		{499E634A-550A-4F84-A3D3-C159E5C4F94E}.Debug|x86.ActiveCfg = Debug|Any CPU
		{499E634A-550A-4F84-A3D3-C159E5C4F94E}.Debug|x86.Build.0 = Debug|Any CPU
		{499E634A-550A-4F84-A3D3-C159E5C4F94E}.Release|Any CPU.ActiveCfg = Debug|Any CPU
		{499E634A-550A-4F84-A3D3-C159E5C4F94E}.Release|Any CPU.Build.0 = Debug|Any CPU
		{499E634A-550A-4F84-A3D3-C159E5C4F94E}.Release|Mixed Platforms.ActiveCfg = Debug|Any CPU
		{499E634A-550A-4F84-A3D3-C159E5C4F94E}.Release|Mixed Platforms.Build.0 = Debug|Any CPU
		{499E634A-550A-4F84-A3D3-C159E5C4F94E}.Release|x86.ActiveCfg = Debug|Any CPU
		{5DDD61D5-0E9E-4B07-B4DE-F9DADB6C6975}.Debug|Any CPU.ActiveCfg = Debug|Any CPU
		{5DDD61D5-0E9E-4B07-B4DE-F9DADB6C6975}.Debug|Any CPU.Build.0 = Debug|Any CPU
		{5DDD61D5-0E9E-4B07-B4DE-F9DADB6C6975}.Debug|Mixed Platforms.ActiveCfg = Debug|Any CPU
		{5DDD61D5-0E9E-4B07-B4DE-F9DADB6C6975}.Debug|Mixed Platforms.Build.0 = Debug|Any CPU
		{5DDD61D5-0E9E-4B07-B4DE-F9DADB6C6975}.Debug|x86.ActiveCfg = Debug|Any CPU
		{5DDD61D5-0E9E-4B07-B4DE-F9DADB6C6975}.Debug|x86.Build.0 = Debug|Any CPU
		{5DDD61D5-0E9E-4B07-B4DE-F9DADB6C6975}.Release|Any CPU.ActiveCfg = Release|Any CPU
		{5DDD61D5-0E9E-4B07-B4DE-F9DADB6C6975}.Release|Any CPU.Build.0 = Release|Any CPU
		{5DDD61D5-0E9E-4B07-B4DE-F9DADB6C6975}.Release|Mixed Platforms.ActiveCfg = Release|Any CPU
		{5DDD61D5-0E9E-4B07-B4DE-F9DADB6C6975}.Release|Mixed Platforms.Build.0 = Release|Any CPU
		{5DDD61D5-0E9E-4B07-B4DE-F9DADB6C6975}.Release|x86.ActiveCfg = Release|Any CPU
		{FB2BA545-B99E-4D17-BF3C-D6D9EA305B52}.Debug|Any CPU.ActiveCfg = Debug|Any CPU
		{FB2BA545-B99E-4D17-BF3C-D6D9EA305B52}.Debug|Any CPU.Build.0 = Debug|Any CPU
		{FB2BA545-B99E-4D17-BF3C-D6D9EA305B52}.Debug|Mixed Platforms.ActiveCfg = Debug|Any CPU
		{FB2BA545-B99E-4D17-BF3C-D6D9EA305B52}.Debug|Mixed Platforms.Build.0 = Debug|Any CPU
		{FB2BA545-B99E-4D17-BF3C-D6D9EA305B52}.Debug|x86.ActiveCfg = Debug|Any CPU
		{FB2BA545-B99E-4D17-BF3C-D6D9EA305B52}.Debug|x86.Build.0 = Debug|Any CPU
		{FB2BA545-B99E-4D17-BF3C-D6D9EA305B52}.Release|Any CPU.ActiveCfg = Release|Any CPU
		{FB2BA545-B99E-4D17-BF3C-D6D9EA305B52}.Release|Any CPU.Build.0 = Release|Any CPU
		{FB2BA545-B99E-4D17-BF3C-D6D9EA305B52}.Release|Mixed Platforms.ActiveCfg = Release|Any CPU
		{FB2BA545-B99E-4D17-BF3C-D6D9EA305B52}.Release|Mixed Platforms.Build.0 = Release|Any CPU
		{FB2BA545-B99E-4D17-BF3C-D6D9EA305B52}.Release|x86.ActiveCfg = Release|Any CPU
		{6A3BC29B-9FCD-4D5A-B487-B3875A4589F5}.Debug|Any CPU.ActiveCfg = Debug|Any CPU
		{6A3BC29B-9FCD-4D5A-B487-B3875A4589F5}.Debug|Any CPU.Build.0 = Debug|Any CPU
		{6A3BC29B-9FCD-4D5A-B487-B3875A4589F5}.Debug|Mixed Platforms.ActiveCfg = Debug|Any CPU
		{6A3BC29B-9FCD-4D5A-B487-B3875A4589F5}.Debug|Mixed Platforms.Build.0 = Debug|Any CPU
		{6A3BC29B-9FCD-4D5A-B487-B3875A4589F5}.Debug|x86.ActiveCfg = Debug|Any CPU
		{6A3BC29B-9FCD-4D5A-B487-B3875A4589F5}.Debug|x86.Build.0 = Debug|Any CPU
		{6A3BC29B-9FCD-4D5A-B487-B3875A4589F5}.Release|Any CPU.ActiveCfg = Release|Any CPU
		{6A3BC29B-9FCD-4D5A-B487-B3875A4589F5}.Release|Any CPU.Build.0 = Release|Any CPU
		{6A3BC29B-9FCD-4D5A-B487-B3875A4589F5}.Release|Mixed Platforms.ActiveCfg = Release|Any CPU
		{6A3BC29B-9FCD-4D5A-B487-B3875A4589F5}.Release|Mixed Platforms.Build.0 = Release|Any CPU
		{6A3BC29B-9FCD-4D5A-B487-B3875A4589F5}.Release|x86.ActiveCfg = Release|Any CPU
		{78AB5529-DDA7-4515-8F2F-9652C06F775B}.Debug|Any CPU.ActiveCfg = Debug|Any CPU
		{78AB5529-DDA7-4515-8F2F-9652C06F775B}.Debug|Any CPU.Build.0 = Debug|Any CPU
		{78AB5529-DDA7-4515-8F2F-9652C06F775B}.Debug|Mixed Platforms.ActiveCfg = Debug|Any CPU
		{78AB5529-DDA7-4515-8F2F-9652C06F775B}.Debug|Mixed Platforms.Build.0 = Debug|Any CPU
		{78AB5529-DDA7-4515-8F2F-9652C06F775B}.Debug|x86.ActiveCfg = Debug|Any CPU
		{78AB5529-DDA7-4515-8F2F-9652C06F775B}.Debug|x86.Build.0 = Debug|Any CPU
		{78AB5529-DDA7-4515-8F2F-9652C06F775B}.Release|Any CPU.ActiveCfg = Release|Any CPU
		{78AB5529-DDA7-4515-8F2F-9652C06F775B}.Release|Any CPU.Build.0 = Release|Any CPU
		{78AB5529-DDA7-4515-8F2F-9652C06F775B}.Release|Mixed Platforms.ActiveCfg = Release|Any CPU
		{78AB5529-DDA7-4515-8F2F-9652C06F775B}.Release|Mixed Platforms.Build.0 = Release|Any CPU
		{78AB5529-DDA7-4515-8F2F-9652C06F775B}.Release|x86.ActiveCfg = Release|Any CPU
		{52034705-5F6F-4D37-B14C-2D3381E34E4C}.Debug|Any CPU.ActiveCfg = Debug|Any CPU
		{52034705-5F6F-4D37-B14C-2D3381E34E4C}.Debug|Any CPU.Build.0 = Debug|Any CPU
		{52034705-5F6F-4D37-B14C-2D3381E34E4C}.Debug|Mixed Platforms.ActiveCfg = Debug|Any CPU
		{52034705-5F6F-4D37-B14C-2D3381E34E4C}.Debug|Mixed Platforms.Build.0 = Debug|Any CPU
		{52034705-5F6F-4D37-B14C-2D3381E34E4C}.Debug|x86.ActiveCfg = Debug|Any CPU
		{52034705-5F6F-4D37-B14C-2D3381E34E4C}.Debug|x86.Build.0 = Debug|Any CPU
		{52034705-5F6F-4D37-B14C-2D3381E34E4C}.Release|Any CPU.ActiveCfg = Release|Any CPU
		{52034705-5F6F-4D37-B14C-2D3381E34E4C}.Release|Any CPU.Build.0 = Release|Any CPU
		{52034705-5F6F-4D37-B14C-2D3381E34E4C}.Release|Mixed Platforms.ActiveCfg = Release|Any CPU
		{52034705-5F6F-4D37-B14C-2D3381E34E4C}.Release|Mixed Platforms.Build.0 = Release|Any CPU
		{52034705-5F6F-4D37-B14C-2D3381E34E4C}.Release|x86.ActiveCfg = Release|Any CPU
		{59BE7D9B-4A23-4DF8-9A84-6AB7DEF27DD5}.Debug|Any CPU.ActiveCfg = Debug|Any CPU
		{59BE7D9B-4A23-4DF8-9A84-6AB7DEF27DD5}.Debug|Any CPU.Build.0 = Debug|Any CPU
		{59BE7D9B-4A23-4DF8-9A84-6AB7DEF27DD5}.Debug|Mixed Platforms.ActiveCfg = Debug|Any CPU
		{59BE7D9B-4A23-4DF8-9A84-6AB7DEF27DD5}.Debug|Mixed Platforms.Build.0 = Debug|Any CPU
		{59BE7D9B-4A23-4DF8-9A84-6AB7DEF27DD5}.Debug|x86.ActiveCfg = Debug|Any CPU
		{59BE7D9B-4A23-4DF8-9A84-6AB7DEF27DD5}.Debug|x86.Build.0 = Debug|Any CPU
		{59BE7D9B-4A23-4DF8-9A84-6AB7DEF27DD5}.Release|Any CPU.ActiveCfg = Release|Any CPU
		{59BE7D9B-4A23-4DF8-9A84-6AB7DEF27DD5}.Release|Any CPU.Build.0 = Release|Any CPU
		{59BE7D9B-4A23-4DF8-9A84-6AB7DEF27DD5}.Release|Mixed Platforms.ActiveCfg = Release|Any CPU
		{59BE7D9B-4A23-4DF8-9A84-6AB7DEF27DD5}.Release|Mixed Platforms.Build.0 = Release|Any CPU
		{59BE7D9B-4A23-4DF8-9A84-6AB7DEF27DD5}.Release|x86.ActiveCfg = Release|Any CPU
		{5F698A43-95D5-4506-8F01-5FB2597B4F1B}.Debug|Any CPU.ActiveCfg = Debug|Any CPU
		{5F698A43-95D5-4506-8F01-5FB2597B4F1B}.Debug|Any CPU.Build.0 = Debug|Any CPU
		{5F698A43-95D5-4506-8F01-5FB2597B4F1B}.Debug|Mixed Platforms.ActiveCfg = Debug|Any CPU
		{5F698A43-95D5-4506-8F01-5FB2597B4F1B}.Debug|Mixed Platforms.Build.0 = Debug|Any CPU
		{5F698A43-95D5-4506-8F01-5FB2597B4F1B}.Debug|x86.ActiveCfg = Debug|Any CPU
		{5F698A43-95D5-4506-8F01-5FB2597B4F1B}.Debug|x86.Build.0 = Debug|Any CPU
		{5F698A43-95D5-4506-8F01-5FB2597B4F1B}.Release|Any CPU.ActiveCfg = Release|Any CPU
		{5F698A43-95D5-4506-8F01-5FB2597B4F1B}.Release|Any CPU.Build.0 = Release|Any CPU
		{5F698A43-95D5-4506-8F01-5FB2597B4F1B}.Release|Mixed Platforms.ActiveCfg = Release|Any CPU
		{5F698A43-95D5-4506-8F01-5FB2597B4F1B}.Release|Mixed Platforms.Build.0 = Release|Any CPU
		{5F698A43-95D5-4506-8F01-5FB2597B4F1B}.Release|x86.ActiveCfg = Release|Any CPU
		{409CDCE0-1C34-4F54-BA63-3B133A9AB229}.Debug|Any CPU.ActiveCfg = Debug|Any CPU
		{409CDCE0-1C34-4F54-BA63-3B133A9AB229}.Debug|Any CPU.Build.0 = Debug|Any CPU
		{409CDCE0-1C34-4F54-BA63-3B133A9AB229}.Debug|Mixed Platforms.ActiveCfg = Debug|Any CPU
		{409CDCE0-1C34-4F54-BA63-3B133A9AB229}.Debug|Mixed Platforms.Build.0 = Debug|Any CPU
		{409CDCE0-1C34-4F54-BA63-3B133A9AB229}.Debug|x86.ActiveCfg = Debug|Any CPU
		{409CDCE0-1C34-4F54-BA63-3B133A9AB229}.Debug|x86.Build.0 = Debug|Any CPU
		{409CDCE0-1C34-4F54-BA63-3B133A9AB229}.Release|Any CPU.ActiveCfg = Release|Any CPU
		{409CDCE0-1C34-4F54-BA63-3B133A9AB229}.Release|Any CPU.Build.0 = Release|Any CPU
		{409CDCE0-1C34-4F54-BA63-3B133A9AB229}.Release|Mixed Platforms.ActiveCfg = Release|Any CPU
		{409CDCE0-1C34-4F54-BA63-3B133A9AB229}.Release|Mixed Platforms.Build.0 = Release|Any CPU
		{409CDCE0-1C34-4F54-BA63-3B133A9AB229}.Release|x86.ActiveCfg = Release|Any CPU
		{A03F79CE-351D-4675-9556-7DA799627BAB}.Debug|Any CPU.ActiveCfg = Debug|Any CPU
		{A03F79CE-351D-4675-9556-7DA799627BAB}.Debug|Any CPU.Build.0 = Debug|Any CPU
		{A03F79CE-351D-4675-9556-7DA799627BAB}.Debug|Mixed Platforms.ActiveCfg = Debug|Any CPU
		{A03F79CE-351D-4675-9556-7DA799627BAB}.Debug|Mixed Platforms.Build.0 = Debug|Any CPU
		{A03F79CE-351D-4675-9556-7DA799627BAB}.Debug|x86.ActiveCfg = Debug|Any CPU
		{A03F79CE-351D-4675-9556-7DA799627BAB}.Debug|x86.Build.0 = Debug|Any CPU
		{A03F79CE-351D-4675-9556-7DA799627BAB}.Release|Any CPU.ActiveCfg = Release|Any CPU
		{A03F79CE-351D-4675-9556-7DA799627BAB}.Release|Any CPU.Build.0 = Release|Any CPU
		{A03F79CE-351D-4675-9556-7DA799627BAB}.Release|Mixed Platforms.ActiveCfg = Release|Any CPU
		{A03F79CE-351D-4675-9556-7DA799627BAB}.Release|Mixed Platforms.Build.0 = Release|Any CPU
		{A03F79CE-351D-4675-9556-7DA799627BAB}.Release|x86.ActiveCfg = Release|Any CPU
		{5A936AAB-1ECA-4E9D-9F65-C7CE10DA0A70}.Debug|Any CPU.ActiveCfg = Debug|Any CPU
		{5A936AAB-1ECA-4E9D-9F65-C7CE10DA0A70}.Debug|Any CPU.Build.0 = Debug|Any CPU
		{5A936AAB-1ECA-4E9D-9F65-C7CE10DA0A70}.Debug|Mixed Platforms.ActiveCfg = Debug|Any CPU
		{5A936AAB-1ECA-4E9D-9F65-C7CE10DA0A70}.Debug|Mixed Platforms.Build.0 = Debug|Any CPU
		{5A936AAB-1ECA-4E9D-9F65-C7CE10DA0A70}.Debug|x86.ActiveCfg = Debug|Any CPU
		{5A936AAB-1ECA-4E9D-9F65-C7CE10DA0A70}.Debug|x86.Build.0 = Debug|Any CPU
		{5A936AAB-1ECA-4E9D-9F65-C7CE10DA0A70}.Release|Any CPU.ActiveCfg = Release|Any CPU
		{5A936AAB-1ECA-4E9D-9F65-C7CE10DA0A70}.Release|Any CPU.Build.0 = Release|Any CPU
		{5A936AAB-1ECA-4E9D-9F65-C7CE10DA0A70}.Release|Mixed Platforms.ActiveCfg = Release|Any CPU
		{5A936AAB-1ECA-4E9D-9F65-C7CE10DA0A70}.Release|Mixed Platforms.Build.0 = Release|Any CPU
		{5A936AAB-1ECA-4E9D-9F65-C7CE10DA0A70}.Release|x86.ActiveCfg = Release|Any CPU
		{8469D5A2-D578-4F6D-9248-570E669BAA7B}.Debug|Any CPU.ActiveCfg = Debug|Any CPU
		{8469D5A2-D578-4F6D-9248-570E669BAA7B}.Debug|Any CPU.Build.0 = Debug|Any CPU
		{8469D5A2-D578-4F6D-9248-570E669BAA7B}.Debug|Mixed Platforms.ActiveCfg = Debug|Any CPU
		{8469D5A2-D578-4F6D-9248-570E669BAA7B}.Debug|Mixed Platforms.Build.0 = Debug|Any CPU
		{8469D5A2-D578-4F6D-9248-570E669BAA7B}.Debug|x86.ActiveCfg = Debug|Any CPU
		{8469D5A2-D578-4F6D-9248-570E669BAA7B}.Debug|x86.Build.0 = Debug|Any CPU
		{8469D5A2-D578-4F6D-9248-570E669BAA7B}.Release|Any CPU.ActiveCfg = Release|Any CPU
		{8469D5A2-D578-4F6D-9248-570E669BAA7B}.Release|Any CPU.Build.0 = Release|Any CPU
		{8469D5A2-D578-4F6D-9248-570E669BAA7B}.Release|Mixed Platforms.ActiveCfg = Release|Any CPU
		{8469D5A2-D578-4F6D-9248-570E669BAA7B}.Release|Mixed Platforms.Build.0 = Release|Any CPU
		{8469D5A2-D578-4F6D-9248-570E669BAA7B}.Release|x86.ActiveCfg = Release|Any CPU
		{0A1A2FEE-41D5-4DEE-9BC0-BB14E325693C}.Debug|Any CPU.ActiveCfg = Debug|Any CPU
		{0A1A2FEE-41D5-4DEE-9BC0-BB14E325693C}.Debug|Any CPU.Build.0 = Debug|Any CPU
		{0A1A2FEE-41D5-4DEE-9BC0-BB14E325693C}.Debug|Mixed Platforms.ActiveCfg = Debug|Any CPU
		{0A1A2FEE-41D5-4DEE-9BC0-BB14E325693C}.Debug|Mixed Platforms.Build.0 = Debug|Any CPU
		{0A1A2FEE-41D5-4DEE-9BC0-BB14E325693C}.Debug|x86.ActiveCfg = Debug|Any CPU
		{0A1A2FEE-41D5-4DEE-9BC0-BB14E325693C}.Debug|x86.Build.0 = Debug|Any CPU
		{0A1A2FEE-41D5-4DEE-9BC0-BB14E325693C}.Release|Any CPU.ActiveCfg = Release|Any CPU
		{0A1A2FEE-41D5-4DEE-9BC0-BB14E325693C}.Release|Any CPU.Build.0 = Release|Any CPU
		{0A1A2FEE-41D5-4DEE-9BC0-BB14E325693C}.Release|Mixed Platforms.ActiveCfg = Release|Any CPU
		{0A1A2FEE-41D5-4DEE-9BC0-BB14E325693C}.Release|Mixed Platforms.Build.0 = Release|Any CPU
		{0A1A2FEE-41D5-4DEE-9BC0-BB14E325693C}.Release|x86.ActiveCfg = Release|Any CPU
		{00ADFB6E-226C-4247-8BE9-36DF3BB60E48}.Debug|Any CPU.ActiveCfg = Debug|Any CPU
		{00ADFB6E-226C-4247-8BE9-36DF3BB60E48}.Debug|Any CPU.Build.0 = Debug|Any CPU
		{00ADFB6E-226C-4247-8BE9-36DF3BB60E48}.Debug|Mixed Platforms.ActiveCfg = Debug|Any CPU
		{00ADFB6E-226C-4247-8BE9-36DF3BB60E48}.Debug|Mixed Platforms.Build.0 = Debug|Any CPU
		{00ADFB6E-226C-4247-8BE9-36DF3BB60E48}.Debug|x86.ActiveCfg = Debug|Any CPU
		{00ADFB6E-226C-4247-8BE9-36DF3BB60E48}.Debug|x86.Build.0 = Debug|Any CPU
		{00ADFB6E-226C-4247-8BE9-36DF3BB60E48}.Release|Any CPU.ActiveCfg = Release|Any CPU
		{00ADFB6E-226C-4247-8BE9-36DF3BB60E48}.Release|Any CPU.Build.0 = Release|Any CPU
		{00ADFB6E-226C-4247-8BE9-36DF3BB60E48}.Release|Mixed Platforms.ActiveCfg = Release|Any CPU
		{00ADFB6E-226C-4247-8BE9-36DF3BB60E48}.Release|Mixed Platforms.Build.0 = Release|Any CPU
		{00ADFB6E-226C-4247-8BE9-36DF3BB60E48}.Release|x86.ActiveCfg = Release|Any CPU
		{01BBAB6B-0810-42FC-8F0F-1B9F61295BBB}.Debug|Any CPU.ActiveCfg = Debug|Any CPU
		{01BBAB6B-0810-42FC-8F0F-1B9F61295BBB}.Debug|Any CPU.Build.0 = Debug|Any CPU
		{01BBAB6B-0810-42FC-8F0F-1B9F61295BBB}.Debug|Mixed Platforms.ActiveCfg = Debug|Any CPU
		{01BBAB6B-0810-42FC-8F0F-1B9F61295BBB}.Debug|Mixed Platforms.Build.0 = Debug|Any CPU
		{01BBAB6B-0810-42FC-8F0F-1B9F61295BBB}.Debug|x86.ActiveCfg = Debug|Any CPU
		{01BBAB6B-0810-42FC-8F0F-1B9F61295BBB}.Debug|x86.Build.0 = Debug|Any CPU
		{01BBAB6B-0810-42FC-8F0F-1B9F61295BBB}.Release|Any CPU.ActiveCfg = Release|Any CPU
		{01BBAB6B-0810-42FC-8F0F-1B9F61295BBB}.Release|Any CPU.Build.0 = Release|Any CPU
		{01BBAB6B-0810-42FC-8F0F-1B9F61295BBB}.Release|Mixed Platforms.ActiveCfg = Release|Any CPU
		{01BBAB6B-0810-42FC-8F0F-1B9F61295BBB}.Release|Mixed Platforms.Build.0 = Release|Any CPU
		{01BBAB6B-0810-42FC-8F0F-1B9F61295BBB}.Release|x86.ActiveCfg = Release|Any CPU
		{A50A1215-1D90-4584-AF7A-E0D5C838F1E4}.Debug|Any CPU.ActiveCfg = Debug|Any CPU
		{A50A1215-1D90-4584-AF7A-E0D5C838F1E4}.Debug|Any CPU.Build.0 = Debug|Any CPU
		{A50A1215-1D90-4584-AF7A-E0D5C838F1E4}.Debug|Mixed Platforms.ActiveCfg = Debug|Any CPU
		{A50A1215-1D90-4584-AF7A-E0D5C838F1E4}.Debug|Mixed Platforms.Build.0 = Debug|Any CPU
		{A50A1215-1D90-4584-AF7A-E0D5C838F1E4}.Debug|x86.ActiveCfg = Debug|Any CPU
		{A50A1215-1D90-4584-AF7A-E0D5C838F1E4}.Debug|x86.Build.0 = Debug|Any CPU
		{A50A1215-1D90-4584-AF7A-E0D5C838F1E4}.Release|Any CPU.ActiveCfg = Release|Any CPU
		{A50A1215-1D90-4584-AF7A-E0D5C838F1E4}.Release|Any CPU.Build.0 = Release|Any CPU
		{A50A1215-1D90-4584-AF7A-E0D5C838F1E4}.Release|Mixed Platforms.ActiveCfg = Release|Any CPU
		{A50A1215-1D90-4584-AF7A-E0D5C838F1E4}.Release|Mixed Platforms.Build.0 = Release|Any CPU
		{A50A1215-1D90-4584-AF7A-E0D5C838F1E4}.Release|x86.ActiveCfg = Release|Any CPU
		{A5F585C9-DF4E-4863-A3E8-1D4792AA5BC5}.Debug|Any CPU.ActiveCfg = Debug|Any CPU
		{A5F585C9-DF4E-4863-A3E8-1D4792AA5BC5}.Debug|Any CPU.Build.0 = Debug|Any CPU
		{A5F585C9-DF4E-4863-A3E8-1D4792AA5BC5}.Debug|Mixed Platforms.ActiveCfg = Debug|Any CPU
		{A5F585C9-DF4E-4863-A3E8-1D4792AA5BC5}.Debug|Mixed Platforms.Build.0 = Debug|Any CPU
		{A5F585C9-DF4E-4863-A3E8-1D4792AA5BC5}.Debug|x86.ActiveCfg = Debug|Any CPU
		{A5F585C9-DF4E-4863-A3E8-1D4792AA5BC5}.Debug|x86.Build.0 = Debug|Any CPU
		{A5F585C9-DF4E-4863-A3E8-1D4792AA5BC5}.Release|Any CPU.ActiveCfg = Release|Any CPU
		{A5F585C9-DF4E-4863-A3E8-1D4792AA5BC5}.Release|Any CPU.Build.0 = Release|Any CPU
		{A5F585C9-DF4E-4863-A3E8-1D4792AA5BC5}.Release|Mixed Platforms.ActiveCfg = Release|Any CPU
		{A5F585C9-DF4E-4863-A3E8-1D4792AA5BC5}.Release|Mixed Platforms.Build.0 = Release|Any CPU
		{A5F585C9-DF4E-4863-A3E8-1D4792AA5BC5}.Release|x86.ActiveCfg = Release|Any CPU
		{F4656DEB-0527-474D-9E27-094C044EAE28}.Debug|Any CPU.ActiveCfg = Debug|Any CPU
		{F4656DEB-0527-474D-9E27-094C044EAE28}.Debug|Any CPU.Build.0 = Debug|Any CPU
		{F4656DEB-0527-474D-9E27-094C044EAE28}.Debug|Mixed Platforms.ActiveCfg = Debug|Any CPU
		{F4656DEB-0527-474D-9E27-094C044EAE28}.Debug|Mixed Platforms.Build.0 = Debug|Any CPU
		{F4656DEB-0527-474D-9E27-094C044EAE28}.Debug|x86.ActiveCfg = Debug|Any CPU
		{F4656DEB-0527-474D-9E27-094C044EAE28}.Debug|x86.Build.0 = Debug|Any CPU
		{F4656DEB-0527-474D-9E27-094C044EAE28}.Release|Any CPU.ActiveCfg = Release|Any CPU
		{F4656DEB-0527-474D-9E27-094C044EAE28}.Release|Any CPU.Build.0 = Release|Any CPU
		{F4656DEB-0527-474D-9E27-094C044EAE28}.Release|Mixed Platforms.ActiveCfg = Release|Any CPU
		{F4656DEB-0527-474D-9E27-094C044EAE28}.Release|Mixed Platforms.Build.0 = Release|Any CPU
		{F4656DEB-0527-474D-9E27-094C044EAE28}.Release|x86.ActiveCfg = Release|Any CPU
		{D03F5FF7-5064-43FD-8BCF-B305411A05F9}.Debug|Any CPU.ActiveCfg = Debug|Any CPU
		{D03F5FF7-5064-43FD-8BCF-B305411A05F9}.Debug|Any CPU.Build.0 = Debug|Any CPU
		{D03F5FF7-5064-43FD-8BCF-B305411A05F9}.Debug|Mixed Platforms.ActiveCfg = Debug|Any CPU
		{D03F5FF7-5064-43FD-8BCF-B305411A05F9}.Debug|Mixed Platforms.Build.0 = Debug|Any CPU
		{D03F5FF7-5064-43FD-8BCF-B305411A05F9}.Debug|x86.ActiveCfg = Debug|Any CPU
		{D03F5FF7-5064-43FD-8BCF-B305411A05F9}.Debug|x86.Build.0 = Debug|Any CPU
		{D03F5FF7-5064-43FD-8BCF-B305411A05F9}.Release|Any CPU.ActiveCfg = Release|Any CPU
		{D03F5FF7-5064-43FD-8BCF-B305411A05F9}.Release|Any CPU.Build.0 = Release|Any CPU
		{D03F5FF7-5064-43FD-8BCF-B305411A05F9}.Release|Mixed Platforms.ActiveCfg = Release|Any CPU
		{D03F5FF7-5064-43FD-8BCF-B305411A05F9}.Release|Mixed Platforms.Build.0 = Release|Any CPU
		{D03F5FF7-5064-43FD-8BCF-B305411A05F9}.Release|x86.ActiveCfg = Release|Any CPU
		{9D775875-B879-44A8-89D7-EB149B46C4E3}.Debug|Any CPU.ActiveCfg = Debug|Any CPU
		{9D775875-B879-44A8-89D7-EB149B46C4E3}.Debug|Any CPU.Build.0 = Debug|Any CPU
		{9D775875-B879-44A8-89D7-EB149B46C4E3}.Debug|Mixed Platforms.ActiveCfg = Debug|Any CPU
		{9D775875-B879-44A8-89D7-EB149B46C4E3}.Debug|Mixed Platforms.Build.0 = Debug|Any CPU
		{9D775875-B879-44A8-89D7-EB149B46C4E3}.Debug|x86.ActiveCfg = Debug|Any CPU
		{9D775875-B879-44A8-89D7-EB149B46C4E3}.Debug|x86.Build.0 = Debug|Any CPU
		{9D775875-B879-44A8-89D7-EB149B46C4E3}.Release|Any CPU.ActiveCfg = Release|Any CPU
		{9D775875-B879-44A8-89D7-EB149B46C4E3}.Release|Any CPU.Build.0 = Release|Any CPU
		{9D775875-B879-44A8-89D7-EB149B46C4E3}.Release|Mixed Platforms.ActiveCfg = Release|Any CPU
		{9D775875-B879-44A8-89D7-EB149B46C4E3}.Release|Mixed Platforms.Build.0 = Release|Any CPU
		{9D775875-B879-44A8-89D7-EB149B46C4E3}.Release|x86.ActiveCfg = Release|Any CPU
		{715859B3-51DA-4AB5-BDFE-692E32B16421}.Debug|Any CPU.ActiveCfg = Debug|Any CPU
		{715859B3-51DA-4AB5-BDFE-692E32B16421}.Debug|Any CPU.Build.0 = Debug|Any CPU
		{715859B3-51DA-4AB5-BDFE-692E32B16421}.Debug|Mixed Platforms.ActiveCfg = Debug|Any CPU
		{715859B3-51DA-4AB5-BDFE-692E32B16421}.Debug|Mixed Platforms.Build.0 = Debug|Any CPU
		{715859B3-51DA-4AB5-BDFE-692E32B16421}.Debug|x86.ActiveCfg = Debug|Any CPU
		{715859B3-51DA-4AB5-BDFE-692E32B16421}.Debug|x86.Build.0 = Debug|Any CPU
		{715859B3-51DA-4AB5-BDFE-692E32B16421}.Release|Any CPU.ActiveCfg = Release|Any CPU
		{715859B3-51DA-4AB5-BDFE-692E32B16421}.Release|Any CPU.Build.0 = Release|Any CPU
		{715859B3-51DA-4AB5-BDFE-692E32B16421}.Release|Mixed Platforms.ActiveCfg = Release|Any CPU
		{715859B3-51DA-4AB5-BDFE-692E32B16421}.Release|Mixed Platforms.Build.0 = Release|Any CPU
		{715859B3-51DA-4AB5-BDFE-692E32B16421}.Release|x86.ActiveCfg = Release|Any CPU
		{B8AC6F0A-CF8E-47EC-9638-B0C9F55D1840}.Debug|Any CPU.ActiveCfg = Debug|Any CPU
		{B8AC6F0A-CF8E-47EC-9638-B0C9F55D1840}.Debug|Any CPU.Build.0 = Debug|Any CPU
		{B8AC6F0A-CF8E-47EC-9638-B0C9F55D1840}.Debug|Mixed Platforms.ActiveCfg = Debug|Any CPU
		{B8AC6F0A-CF8E-47EC-9638-B0C9F55D1840}.Debug|Mixed Platforms.Build.0 = Debug|Any CPU
		{B8AC6F0A-CF8E-47EC-9638-B0C9F55D1840}.Debug|x86.ActiveCfg = Debug|Any CPU
		{B8AC6F0A-CF8E-47EC-9638-B0C9F55D1840}.Debug|x86.Build.0 = Debug|Any CPU
		{B8AC6F0A-CF8E-47EC-9638-B0C9F55D1840}.Release|Any CPU.ActiveCfg = Release|Any CPU
		{B8AC6F0A-CF8E-47EC-9638-B0C9F55D1840}.Release|Any CPU.Build.0 = Release|Any CPU
		{B8AC6F0A-CF8E-47EC-9638-B0C9F55D1840}.Release|Mixed Platforms.ActiveCfg = Release|Any CPU
		{B8AC6F0A-CF8E-47EC-9638-B0C9F55D1840}.Release|Mixed Platforms.Build.0 = Release|Any CPU
		{B8AC6F0A-CF8E-47EC-9638-B0C9F55D1840}.Release|x86.ActiveCfg = Release|Any CPU
		{FEB5BC34-9499-48A8-8240-03B661F69B9F}.Debug|Any CPU.ActiveCfg = Debug|Any CPU
		{FEB5BC34-9499-48A8-8240-03B661F69B9F}.Debug|Any CPU.Build.0 = Debug|Any CPU
		{FEB5BC34-9499-48A8-8240-03B661F69B9F}.Debug|Mixed Platforms.ActiveCfg = Debug|Any CPU
		{FEB5BC34-9499-48A8-8240-03B661F69B9F}.Debug|Mixed Platforms.Build.0 = Debug|Any CPU
		{FEB5BC34-9499-48A8-8240-03B661F69B9F}.Debug|x86.ActiveCfg = Debug|Any CPU
		{FEB5BC34-9499-48A8-8240-03B661F69B9F}.Debug|x86.Build.0 = Debug|Any CPU
		{FEB5BC34-9499-48A8-8240-03B661F69B9F}.Release|Any CPU.ActiveCfg = Release|Any CPU
		{FEB5BC34-9499-48A8-8240-03B661F69B9F}.Release|Any CPU.Build.0 = Release|Any CPU
		{FEB5BC34-9499-48A8-8240-03B661F69B9F}.Release|Mixed Platforms.ActiveCfg = Release|Any CPU
		{FEB5BC34-9499-48A8-8240-03B661F69B9F}.Release|Mixed Platforms.Build.0 = Release|Any CPU
		{FEB5BC34-9499-48A8-8240-03B661F69B9F}.Release|x86.ActiveCfg = Release|Any CPU
		{19915A90-CCA9-4DDE-AF72-80ADD367B357}.Debug|Any CPU.ActiveCfg = Debug|Any CPU
		{19915A90-CCA9-4DDE-AF72-80ADD367B357}.Debug|Any CPU.Build.0 = Debug|Any CPU
		{19915A90-CCA9-4DDE-AF72-80ADD367B357}.Debug|Mixed Platforms.ActiveCfg = Debug|Any CPU
		{19915A90-CCA9-4DDE-AF72-80ADD367B357}.Debug|Mixed Platforms.Build.0 = Debug|Any CPU
		{19915A90-CCA9-4DDE-AF72-80ADD367B357}.Debug|x86.ActiveCfg = Debug|Any CPU
		{19915A90-CCA9-4DDE-AF72-80ADD367B357}.Debug|x86.Build.0 = Debug|Any CPU
		{19915A90-CCA9-4DDE-AF72-80ADD367B357}.Release|Any CPU.ActiveCfg = Release|Any CPU
		{19915A90-CCA9-4DDE-AF72-80ADD367B357}.Release|Any CPU.Build.0 = Release|Any CPU
		{19915A90-CCA9-4DDE-AF72-80ADD367B357}.Release|Mixed Platforms.ActiveCfg = Release|Any CPU
		{19915A90-CCA9-4DDE-AF72-80ADD367B357}.Release|Mixed Platforms.Build.0 = Release|Any CPU
		{19915A90-CCA9-4DDE-AF72-80ADD367B357}.Release|x86.ActiveCfg = Release|Any CPU
		{2B23C421-666F-4BFF-9A78-12D4788E5ECE}.Debug|Any CPU.ActiveCfg = Debug|Any CPU
		{2B23C421-666F-4BFF-9A78-12D4788E5ECE}.Debug|Any CPU.Build.0 = Debug|Any CPU
		{2B23C421-666F-4BFF-9A78-12D4788E5ECE}.Debug|Mixed Platforms.ActiveCfg = Debug|Any CPU
		{2B23C421-666F-4BFF-9A78-12D4788E5ECE}.Debug|Mixed Platforms.Build.0 = Debug|Any CPU
		{2B23C421-666F-4BFF-9A78-12D4788E5ECE}.Debug|x86.ActiveCfg = Debug|Any CPU
		{2B23C421-666F-4BFF-9A78-12D4788E5ECE}.Debug|x86.Build.0 = Debug|Any CPU
		{2B23C421-666F-4BFF-9A78-12D4788E5ECE}.Release|Any CPU.ActiveCfg = Release|Any CPU
		{2B23C421-666F-4BFF-9A78-12D4788E5ECE}.Release|Any CPU.Build.0 = Release|Any CPU
		{2B23C421-666F-4BFF-9A78-12D4788E5ECE}.Release|Mixed Platforms.ActiveCfg = Release|Any CPU
		{2B23C421-666F-4BFF-9A78-12D4788E5ECE}.Release|Mixed Platforms.Build.0 = Release|Any CPU
		{2B23C421-666F-4BFF-9A78-12D4788E5ECE}.Release|x86.ActiveCfg = Release|Any CPU
		{81B36ACF-95CF-404E-8612-6674EC4522CB}.Debug|Any CPU.ActiveCfg = Debug|Any CPU
		{81B36ACF-95CF-404E-8612-6674EC4522CB}.Debug|Any CPU.Build.0 = Debug|Any CPU
		{81B36ACF-95CF-404E-8612-6674EC4522CB}.Debug|Mixed Platforms.ActiveCfg = Debug|Any CPU
		{81B36ACF-95CF-404E-8612-6674EC4522CB}.Debug|Mixed Platforms.Build.0 = Debug|Any CPU
		{81B36ACF-95CF-404E-8612-6674EC4522CB}.Debug|x86.ActiveCfg = Debug|Any CPU
		{81B36ACF-95CF-404E-8612-6674EC4522CB}.Debug|x86.Build.0 = Debug|Any CPU
		{81B36ACF-95CF-404E-8612-6674EC4522CB}.Release|Any CPU.ActiveCfg = Release|Any CPU
		{81B36ACF-95CF-404E-8612-6674EC4522CB}.Release|Any CPU.Build.0 = Release|Any CPU
		{81B36ACF-95CF-404E-8612-6674EC4522CB}.Release|Mixed Platforms.ActiveCfg = Release|Any CPU
		{81B36ACF-95CF-404E-8612-6674EC4522CB}.Release|Mixed Platforms.Build.0 = Release|Any CPU
		{81B36ACF-95CF-404E-8612-6674EC4522CB}.Release|x86.ActiveCfg = Release|Any CPU
		{79B16759-EF46-45FD-9A72-AD3FCB116241}.Debug|Any CPU.ActiveCfg = Debug|Any CPU
		{79B16759-EF46-45FD-9A72-AD3FCB116241}.Debug|Any CPU.Build.0 = Debug|Any CPU
		{79B16759-EF46-45FD-9A72-AD3FCB116241}.Debug|Mixed Platforms.ActiveCfg = Debug|Any CPU
		{79B16759-EF46-45FD-9A72-AD3FCB116241}.Debug|Mixed Platforms.Build.0 = Debug|Any CPU
		{79B16759-EF46-45FD-9A72-AD3FCB116241}.Debug|x86.ActiveCfg = Debug|Any CPU
		{79B16759-EF46-45FD-9A72-AD3FCB116241}.Debug|x86.Build.0 = Debug|Any CPU
		{79B16759-EF46-45FD-9A72-AD3FCB116241}.Release|Any CPU.ActiveCfg = Release|Any CPU
		{79B16759-EF46-45FD-9A72-AD3FCB116241}.Release|Any CPU.Build.0 = Release|Any CPU
		{79B16759-EF46-45FD-9A72-AD3FCB116241}.Release|Mixed Platforms.ActiveCfg = Release|Any CPU
		{79B16759-EF46-45FD-9A72-AD3FCB116241}.Release|Mixed Platforms.Build.0 = Release|Any CPU
		{79B16759-EF46-45FD-9A72-AD3FCB116241}.Release|x86.ActiveCfg = Release|Any CPU
		{855240CA-2378-45E0-9197-1CAF623A253D}.Debug|Any CPU.ActiveCfg = Debug|Any CPU
		{855240CA-2378-45E0-9197-1CAF623A253D}.Debug|Any CPU.Build.0 = Debug|Any CPU
		{855240CA-2378-45E0-9197-1CAF623A253D}.Debug|Mixed Platforms.ActiveCfg = Debug|Any CPU
		{855240CA-2378-45E0-9197-1CAF623A253D}.Debug|Mixed Platforms.Build.0 = Debug|Any CPU
		{855240CA-2378-45E0-9197-1CAF623A253D}.Debug|x86.ActiveCfg = Debug|Any CPU
		{855240CA-2378-45E0-9197-1CAF623A253D}.Debug|x86.Build.0 = Debug|Any CPU
		{855240CA-2378-45E0-9197-1CAF623A253D}.Release|Any CPU.ActiveCfg = Release|Any CPU
		{855240CA-2378-45E0-9197-1CAF623A253D}.Release|Any CPU.Build.0 = Release|Any CPU
		{855240CA-2378-45E0-9197-1CAF623A253D}.Release|Mixed Platforms.ActiveCfg = Release|Any CPU
		{855240CA-2378-45E0-9197-1CAF623A253D}.Release|Mixed Platforms.Build.0 = Release|Any CPU
		{855240CA-2378-45E0-9197-1CAF623A253D}.Release|x86.ActiveCfg = Release|Any CPU
		{3AEF3169-D578-4CC0-9146-6BE2892DDDB9}.Debug|Any CPU.ActiveCfg = Debug|Any CPU
		{3AEF3169-D578-4CC0-9146-6BE2892DDDB9}.Debug|Any CPU.Build.0 = Debug|Any CPU
		{3AEF3169-D578-4CC0-9146-6BE2892DDDB9}.Debug|Mixed Platforms.ActiveCfg = Debug|Any CPU
		{3AEF3169-D578-4CC0-9146-6BE2892DDDB9}.Debug|Mixed Platforms.Build.0 = Debug|Any CPU
		{3AEF3169-D578-4CC0-9146-6BE2892DDDB9}.Debug|x86.ActiveCfg = Debug|Any CPU
		{3AEF3169-D578-4CC0-9146-6BE2892DDDB9}.Debug|x86.Build.0 = Debug|Any CPU
		{3AEF3169-D578-4CC0-9146-6BE2892DDDB9}.Release|Any CPU.ActiveCfg = Release|Any CPU
		{3AEF3169-D578-4CC0-9146-6BE2892DDDB9}.Release|Any CPU.Build.0 = Release|Any CPU
		{3AEF3169-D578-4CC0-9146-6BE2892DDDB9}.Release|Mixed Platforms.ActiveCfg = Release|Any CPU
		{3AEF3169-D578-4CC0-9146-6BE2892DDDB9}.Release|Mixed Platforms.Build.0 = Release|Any CPU
		{3AEF3169-D578-4CC0-9146-6BE2892DDDB9}.Release|x86.ActiveCfg = Release|Any CPU
		{1E559816-5B87-4FFB-9CB8-0FEA414CB44C}.Debug|Any CPU.ActiveCfg = Debug|Any CPU
		{1E559816-5B87-4FFB-9CB8-0FEA414CB44C}.Debug|Any CPU.Build.0 = Debug|Any CPU
		{1E559816-5B87-4FFB-9CB8-0FEA414CB44C}.Debug|Mixed Platforms.ActiveCfg = Debug|Any CPU
		{1E559816-5B87-4FFB-9CB8-0FEA414CB44C}.Debug|Mixed Platforms.Build.0 = Debug|Any CPU
		{1E559816-5B87-4FFB-9CB8-0FEA414CB44C}.Debug|x86.ActiveCfg = Debug|Any CPU
		{1E559816-5B87-4FFB-9CB8-0FEA414CB44C}.Debug|x86.Build.0 = Debug|Any CPU
		{1E559816-5B87-4FFB-9CB8-0FEA414CB44C}.Release|Any CPU.ActiveCfg = Release|Any CPU
		{1E559816-5B87-4FFB-9CB8-0FEA414CB44C}.Release|Any CPU.Build.0 = Release|Any CPU
		{1E559816-5B87-4FFB-9CB8-0FEA414CB44C}.Release|Mixed Platforms.ActiveCfg = Release|Any CPU
		{1E559816-5B87-4FFB-9CB8-0FEA414CB44C}.Release|Mixed Platforms.Build.0 = Release|Any CPU
		{1E559816-5B87-4FFB-9CB8-0FEA414CB44C}.Release|x86.ActiveCfg = Release|Any CPU
		{FC571D16-29F6-47E6-892C-91BF4E7F7326}.Debug|Any CPU.ActiveCfg = Debug|x86
		{FC571D16-29F6-47E6-892C-91BF4E7F7326}.Debug|Mixed Platforms.ActiveCfg = Debug|x86
		{FC571D16-29F6-47E6-892C-91BF4E7F7326}.Debug|Mixed Platforms.Build.0 = Debug|x86
		{FC571D16-29F6-47E6-892C-91BF4E7F7326}.Debug|x86.ActiveCfg = Debug|x86
		{FC571D16-29F6-47E6-892C-91BF4E7F7326}.Debug|x86.Build.0 = Debug|x86
		{FC571D16-29F6-47E6-892C-91BF4E7F7326}.Release|Any CPU.ActiveCfg = Release|x86
		{FC571D16-29F6-47E6-892C-91BF4E7F7326}.Release|Mixed Platforms.ActiveCfg = Release|x86
		{FC571D16-29F6-47E6-892C-91BF4E7F7326}.Release|Mixed Platforms.Build.0 = Release|x86
		{FC571D16-29F6-47E6-892C-91BF4E7F7326}.Release|x86.ActiveCfg = Release|x86
		{FC571D16-29F6-47E6-892C-91BF4E7F7326}.Release|x86.Build.0 = Release|x86
		{8ED66970-687B-4A27-A079-B06F97405765}.Debug|Any CPU.ActiveCfg = Debug|x86
		{8ED66970-687B-4A27-A079-B06F97405765}.Debug|Mixed Platforms.ActiveCfg = Debug|x86
		{8ED66970-687B-4A27-A079-B06F97405765}.Debug|Mixed Platforms.Build.0 = Debug|x86
		{8ED66970-687B-4A27-A079-B06F97405765}.Debug|x86.ActiveCfg = Debug|x86
		{8ED66970-687B-4A27-A079-B06F97405765}.Debug|x86.Build.0 = Debug|x86
		{8ED66970-687B-4A27-A079-B06F97405765}.Release|Any CPU.ActiveCfg = Release|x86
		{8ED66970-687B-4A27-A079-B06F97405765}.Release|Mixed Platforms.ActiveCfg = Release|x86
		{8ED66970-687B-4A27-A079-B06F97405765}.Release|Mixed Platforms.Build.0 = Release|x86
		{8ED66970-687B-4A27-A079-B06F97405765}.Release|x86.ActiveCfg = Release|x86
		{8ED66970-687B-4A27-A079-B06F97405765}.Release|x86.Build.0 = Release|x86
		{0B0C41ED-A7ED-4539-B8F4-6E231ACE91DC}.Debug|Any CPU.ActiveCfg = Debug|Any CPU
		{0B0C41ED-A7ED-4539-B8F4-6E231ACE91DC}.Debug|Any CPU.Build.0 = Debug|Any CPU
		{0B0C41ED-A7ED-4539-B8F4-6E231ACE91DC}.Debug|Mixed Platforms.ActiveCfg = Debug|Any CPU
		{0B0C41ED-A7ED-4539-B8F4-6E231ACE91DC}.Debug|Mixed Platforms.Build.0 = Debug|Any CPU
		{0B0C41ED-A7ED-4539-B8F4-6E231ACE91DC}.Debug|x86.ActiveCfg = Debug|Any CPU
		{0B0C41ED-A7ED-4539-B8F4-6E231ACE91DC}.Release|Any CPU.ActiveCfg = Release|Any CPU
		{0B0C41ED-A7ED-4539-B8F4-6E231ACE91DC}.Release|Any CPU.Build.0 = Release|Any CPU
		{0B0C41ED-A7ED-4539-B8F4-6E231ACE91DC}.Release|Mixed Platforms.ActiveCfg = Release|Any CPU
		{0B0C41ED-A7ED-4539-B8F4-6E231ACE91DC}.Release|Mixed Platforms.Build.0 = Release|Any CPU
		{0B0C41ED-A7ED-4539-B8F4-6E231ACE91DC}.Release|x86.ActiveCfg = Release|Any CPU
		{251D3574-7BBE-450B-8EDB-FCF58D3B5F7B}.Debug|Any CPU.ActiveCfg = Debug|Any CPU
		{251D3574-7BBE-450B-8EDB-FCF58D3B5F7B}.Debug|Any CPU.Build.0 = Debug|Any CPU
		{251D3574-7BBE-450B-8EDB-FCF58D3B5F7B}.Debug|Mixed Platforms.ActiveCfg = Debug|Any CPU
		{251D3574-7BBE-450B-8EDB-FCF58D3B5F7B}.Debug|Mixed Platforms.Build.0 = Debug|Any CPU
		{251D3574-7BBE-450B-8EDB-FCF58D3B5F7B}.Debug|x86.ActiveCfg = Debug|Any CPU
		{251D3574-7BBE-450B-8EDB-FCF58D3B5F7B}.Release|Any CPU.ActiveCfg = Release|Any CPU
		{251D3574-7BBE-450B-8EDB-FCF58D3B5F7B}.Release|Any CPU.Build.0 = Release|Any CPU
		{251D3574-7BBE-450B-8EDB-FCF58D3B5F7B}.Release|Mixed Platforms.ActiveCfg = Release|Any CPU
		{251D3574-7BBE-450B-8EDB-FCF58D3B5F7B}.Release|Mixed Platforms.Build.0 = Release|Any CPU
		{251D3574-7BBE-450B-8EDB-FCF58D3B5F7B}.Release|x86.ActiveCfg = Release|Any CPU
	EndGlobalSection
	GlobalSection(SolutionProperties) = preSolution
		HideSolutionNode = FALSE
	EndGlobalSection
EndGlobal
