
Microsoft Visual Studio Solution File, Format Version 11.00
# Visual Studio 2010
Project("{E24C65DC-7377-472B-9ABA-BC803B73C61A}") = "WebSite", "WebSite", "{499E634A-550A-4F84-A3D3-C159E5C4F94E}"
	ProjectSection(WebsiteProperties) = preProject
		SccProjectName = "SAK"
		SccAuxPath = "SAK"
		SccLocalPath = "SAK"
		SccProvider = "SAK"
		TargetFrameworkMoniker = ".NETFramework,Version%3Dv4.0"
		ProjectReferences = "{8469D5A2-D578-4F6D-9248-570E669BAA7B}|Toyota.eCRB.iCROP.BizLogic.VisitUtility.dll;{3AEF3169-D578-4CC0-9146-6BE2892DDDB9}|Toyota.eCRB.iCROP.BizLogic.VisitReception.dll;{1E559816-5B87-4FFB-9CB8-0FEA414CB44C}|Toyota.eCRB.iCROP.DataAccess.VisitReception.dll;{855240CA-2378-45E0-9197-1CAF623A253D}|Toyota.eCRB.iCROP.DataAccess.VisitUtility.dll;{4EBC567E-080F-4EBD-8D32-2F3654830C00}|Toyota.eCRB.iCROP.BizLogic.ActivityInfo.dll;{26D9B6AC-F317-414E-AD55-09841446691D}|Toyota.eCRB.iCROP.DataAccess.ActivityInfo.dll;{33C20983-A098-4C0D-BF8C-07584953C615}|Toyota.eCRB.iCROP.BizLogic.IC3040401.dll;{82688D25-3E7A-4D3D-BC47-0F67AD0A9F9F}|Toyota.eCRB.iCROP.BizLogic.SC3080203.dll;{9D775875-B879-44A8-89D7-EB149B46C4E3}|Toyota.eCRB.iCROP.BizLogic.UpdateSalesVisit.dll;{27F43DAD-2EB6-4866-8871-D3C167AA151B}|Toyota.eCRB.iCROP.DataAccess.SC3080203.dll;{621B3C59-3B3E-4EFB-9C7B-91377F52C515}|Toyota.eCRB.iCROP.BizLogic.SC3130501.dll;{5473EFBD-F2AB-4AF8-811A-143FFC11D9CD}|Toyota.eCRB.iCROP.DataAccess.SC3130501.dll;{7F18E4B6-F8EA-4AAE-85E1-42E216D16A43}|Toyota.eCRB.iCROP.DataAccess.IC3190402.dll;{6E9CDA37-97D1-4569-8EAF-D5C4D540E681}|Toyota.eCRB.iCROP.BizLogic.IC3190402.dll;{47DFE840-D206-495A-ABF9-47148618B516}|Toyota.eCRB.iCROP.BizLogic.SC3190402.dll;{95A47728-DD8F-43FC-A8DD-96A49C62DBE3}|Toyota.eCRB.iCROP.DataAccess.SC3190402.dll;{B3EDB2F1-057C-4138-AC5F-33E08DEB2469}|Toyota.eCRB.iCROP.BizLogic.SC3190601.dll;{6B24A981-26FB-43E6-BB3D-4B5F1F3CECA6}|Toyota.eCRB.iCROP.BizLogic.SC3190602.dll;{6345F107-8A74-430A-82C9-75334C564941}|Toyota.eCRB.iCROP.DataAccess.SC3190601.dll;{0257BC97-D7C1-41CB-B95F-9980E06567AF}|Toyota.eCRB.iCROP.DataAccess.SC3190602.dll;"
		Debug.AspNetCompiler.VirtualPath = "/WebSite"
		Debug.AspNetCompiler.PhysicalPath = "WebSite\"
		Debug.AspNetCompiler.TargetPath = "PrecompiledWeb\WebSite\"
		Debug.AspNetCompiler.Updateable = "true"
		Debug.AspNetCompiler.ForceOverwrite = "true"
		Debug.AspNetCompiler.FixedNames = "false"
		Debug.AspNetCompiler.Debug = "True"
		Release.AspNetCompiler.VirtualPath = "/WebSite"
		Release.AspNetCompiler.PhysicalPath = "WebSite\"
		Release.AspNetCompiler.TargetPath = "PrecompiledWeb\WebSite\"
		Release.AspNetCompiler.Updateable = "true"
		Release.AspNetCompiler.ForceOverwrite = "true"
		Release.AspNetCompiler.FixedNames = "false"
		Release.AspNetCompiler.Debug = "False"
		VWDPort = "60831"
	EndProjectSection
EndProject
Project("{2150E333-8FDC-42A3-9474-1A3956D46DE8}") = "Solution Items", "Solution Items", "{2FD8401F-BB79-45B2-A54F-EF7B3D436E39}"
	ProjectSection(SolutionItems) = preProject
		Build.msbuild = Build.msbuild
		次世代e-CRB.ruleset = 次世代e-CRB.ruleset
	EndProjectSection
EndProject
Project("{F184B08F-C81C-45F6-A57F-5ABD9991F28F}") = "Toyota.eCRB.iCROP.BizLogic.VisitUtility", "BizLogic\Toyota.eCRB.iCROP.BizLogic.VisitUtility\Toyota.eCRB.iCROP.BizLogic.VisitUtility.vbproj", "{8469D5A2-D578-4F6D-9248-570E669BAA7B}"
EndProject
Project("{F184B08F-C81C-45F6-A57F-5ABD9991F28F}") = "Toyota.eCRB.iCROP.BizLogic.VisitReception", "BizLogic\Toyota.eCRB.iCROP.BizLogic.VisitReception\Toyota.eCRB.iCROP.BizLogic.VisitReception.vbproj", "{3AEF3169-D578-4CC0-9146-6BE2892DDDB9}"
EndProject
Project("{F184B08F-C81C-45F6-A57F-5ABD9991F28F}") = "Toyota.eCRB.iCROP.DataAccess.VisitReception", "DataAccess\Toyota.eCRB.iCROP.DataAccess.VisitReception\Toyota.eCRB.iCROP.DataAccess.VisitReception.vbproj", "{1E559816-5B87-4FFB-9CB8-0FEA414CB44C}"
EndProject
Project("{F184B08F-C81C-45F6-A57F-5ABD9991F28F}") = "Toyota.eCRB.iCROP.DataAccess.VisitUtility", "DataAccess\Toyota.eCRB.iCROP.DataAccess.VisitUtility\Toyota.eCRB.iCROP.DataAccess.VisitUtility.vbproj", "{855240CA-2378-45E0-9197-1CAF623A253D}"
EndProject
Project("{F184B08F-C81C-45F6-A57F-5ABD9991F28F}") = "Toyota.eCRB.iCROP.DataAccess.ActivityInfo", "DataAccess\Toyota.eCRB.iCROP.DataAccess.ActivityInfo\Toyota.eCRB.iCROP.DataAccess.ActivityInfo.vbproj", "{26D9B6AC-F317-414E-AD55-09841446691D}"
EndProject
Project("{F184B08F-C81C-45F6-A57F-5ABD9991F28F}") = "Toyota.eCRB.iCROP.DataAccess.SC3080203", "DataAccess\Toyota.eCRB.iCROP.DataAccess.SC3080203\Toyota.eCRB.iCROP.DataAccess.SC3080203.vbproj", "{27F43DAD-2EB6-4866-8871-D3C167AA151B}"
EndProject
Project("{F184B08F-C81C-45F6-A57F-5ABD9991F28F}") = "Toyota.eCRB.iCROP.BizLogic.ActivityInfo", "BizLogic\Toyota.eCRB.iCROP.BizLogic.ActivityInfo\Toyota.eCRB.iCROP.BizLogic.ActivityInfo.vbproj", "{4EBC567E-080F-4EBD-8D32-2F3654830C00}"
EndProject
Project("{F184B08F-C81C-45F6-A57F-5ABD9991F28F}") = "Toyota.eCRB.iCROP.BizLogic.SC3080203", "BizLogic\Toyota.eCRB.iCROP.BizLogic.SC3080203\Toyota.eCRB.iCROP.BizLogic.SC3080203.vbproj", "{82688D25-3E7A-4D3D-BC47-0F67AD0A9F9F}"
EndProject
Project("{F184B08F-C81C-45F6-A57F-5ABD9991F28F}") = "Toyota.eCRB.iCROP.BizLogic.UpdateSalesVisit", "BizLogic\Toyota.eCRB.iCROP.BizLogic.UpdateSalesVisit\Toyota.eCRB.iCROP.BizLogic.UpdateSalesVisit.vbproj", "{9D775875-B879-44A8-89D7-EB149B46C4E3}"
EndProject
Project("{F184B08F-C81C-45F6-A57F-5ABD9991F28F}") = "Toyota.eCRB.iCROP.BizLogic.IC3040401", "BizLogic\Toyota.eCRB.iCROP.BizLogic.IC3040401\Toyota.eCRB.iCROP.BizLogic.IC3040401.vbproj", "{33C20983-A098-4C0D-BF8C-07584953C615}"
EndProject
Project("{F184B08F-C81C-45F6-A57F-5ABD9991F28F}") = "Toyota.eCRB.iCROP.DataAccess.UpdateSalesVisit", "DataAccess\Toyota.eCRB.iCROP.DataAccess.UpdateSalesVisit\Toyota.eCRB.iCROP.DataAccess.UpdateSalesVisit.vbproj", "{A5F585C9-DF4E-4863-A3E8-1D4792AA5BC5}"
EndProject
Project("{F184B08F-C81C-45F6-A57F-5ABD9991F28F}") = "Toyota.eCRB.iCROP.BizLogic.SC3130501", "BizLogic\Toyota.eCRB.iCROP.BizLogic.SC3130501\Toyota.eCRB.iCROP.BizLogic.SC3130501.vbproj", "{621B3C59-3B3E-4EFB-9C7B-91377F52C515}"
EndProject
Project("{F184B08F-C81C-45F6-A57F-5ABD9991F28F}") = "Toyota.eCRB.iCROP.DataAccess.SC3130501", "DataAccess\Toyota.eCRB.iCROP.DataAccess.SC3130501\Toyota.eCRB.iCROP.DataAccess.SC3130501.vbproj", "{5473EFBD-F2AB-4AF8-811A-143FFC11D9CD}"
EndProject
Project("{F184B08F-C81C-45F6-A57F-5ABD9991F28F}") = "Toyota.eCRB.iCROP.DataAccess.IC3190402", "DataAccess\Toyota.eCRB.iCROP.DataAccess.IC3190402\Toyota.eCRB.iCROP.DataAccess.IC3190402.vbproj", "{7F18E4B6-F8EA-4AAE-85E1-42E216D16A43}"
EndProject
Project("{F184B08F-C81C-45F6-A57F-5ABD9991F28F}") = "Toyota.eCRB.iCROP.DataAccess.SC3190402", "DataAccess\Toyota.eCRB.iCROP.DataAccess.SC3190402\Toyota.eCRB.iCROP.DataAccess.SC3190402.vbproj", "{95A47728-DD8F-43FC-A8DD-96A49C62DBE3}"
EndProject
Project("{F184B08F-C81C-45F6-A57F-5ABD9991F28F}") = "Toyota.eCRB.iCROP.BizLogic.SC3190402", "BizLogic\Toyota.eCRB.iCROP.BizLogic.SC3190402\Toyota.eCRB.iCROP.BizLogic.SC3190402.vbproj", "{47DFE840-D206-495A-ABF9-47148618B516}"
EndProject
Project("{F184B08F-C81C-45F6-A57F-5ABD9991F28F}") = "Toyota.eCRB.iCROP.BizLogic.IC3190402", "BizLogic\Toyota.eCRB.iCROP.BizLogic.IC3190402\Toyota.eCRB.iCROP.BizLogic.IC3190402.vbproj", "{6E9CDA37-97D1-4569-8EAF-D5C4D540E681}"
EndProject
Project("{F184B08F-C81C-45F6-A57F-5ABD9991F28F}") = "Toyota.eCRB.iCROP.DataAccess.SC3190601", "DataAccess\Toyota.eCRB.iCROP.DataAccess.SC3190601\Toyota.eCRB.iCROP.DataAccess.SC3190601.vbproj", "{6345F107-8A74-430A-82C9-75334C564941}"
EndProject
Project("{F184B08F-C81C-45F6-A57F-5ABD9991F28F}") = "Toyota.eCRB.iCROP.DataAccess.SC3190602", "DataAccess\Toyota.eCRB.iCROP.DataAccess.SC3190602\Toyota.eCRB.iCROP.DataAccess.SC3190602.vbproj", "{0257BC97-D7C1-41CB-B95F-9980E06567AF}"
EndProject
Project("{F184B08F-C81C-45F6-A57F-5ABD9991F28F}") = "Toyota.eCRB.iCROP.BizLogic.SC3190601", "BizLogic\Toyota.eCRB.iCROP.BizLogic.SC3190601\Toyota.eCRB.iCROP.BizLogic.SC3190601.vbproj", "{B3EDB2F1-057C-4138-AC5F-33E08DEB2469}"
EndProject
Project("{F184B08F-C81C-45F6-A57F-5ABD9991F28F}") = "Toyota.eCRB.iCROP.BizLogic.SC3190602", "BizLogic\Toyota.eCRB.iCROP.BizLogic.SC3190602\Toyota.eCRB.iCROP.BizLogic.SC3190602.vbproj", "{6B24A981-26FB-43E6-BB3D-4B5F1F3CECA6}"
EndProject
Global
	GlobalSection(TeamFoundationVersionControl) = preSolution
		SccNumberOfProjects = 23
		SccEnterpriseProvider = {4CA58AB2-18FA-4F8D-95D4-32DDF27D184C}
		SccTeamFoundationServer = http://127.0.0.1:18080/tfs/e-crb_collection
		SccLocalPath0 = .
		SccProjectUniqueName1 = BizLogic\\Toyota.eCRB.iCROP.BizLogic.VisitUtility\\Toyota.eCRB.iCROP.BizLogic.VisitUtility.vbproj
		SccProjectName1 = BizLogic/Toyota.eCRB.iCROP.BizLogic.VisitUtility
		SccLocalPath1 = BizLogic\\Toyota.eCRB.iCROP.BizLogic.VisitUtility
		SccProjectUniqueName2 = BizLogic\\Toyota.eCRB.iCROP.BizLogic.VisitReception\\Toyota.eCRB.iCROP.BizLogic.VisitReception.vbproj
		SccProjectName2 = BizLogic/Toyota.eCRB.iCROP.BizLogic.VisitReception
		SccLocalPath2 = BizLogic\\Toyota.eCRB.iCROP.BizLogic.VisitReception
		SccProjectUniqueName3 = DataAccess\\Toyota.eCRB.iCROP.DataAccess.VisitReception\\Toyota.eCRB.iCROP.DataAccess.VisitReception.vbproj
		SccProjectName3 = DataAccess/Toyota.eCRB.iCROP.DataAccess.VisitReception
		SccLocalPath3 = DataAccess\\Toyota.eCRB.iCROP.DataAccess.VisitReception
		SccProjectUniqueName4 = DataAccess\\Toyota.eCRB.iCROP.DataAccess.VisitUtility\\Toyota.eCRB.iCROP.DataAccess.VisitUtility.vbproj
		SccProjectName4 = DataAccess/Toyota.eCRB.iCROP.DataAccess.VisitUtility
		SccLocalPath4 = DataAccess\\Toyota.eCRB.iCROP.DataAccess.VisitUtility
		SccProjectUniqueName5 = DataAccess\\Toyota.eCRB.iCROP.DataAccess.ActivityInfo\\Toyota.eCRB.iCROP.DataAccess.ActivityInfo.vbproj
		SccProjectName5 = DataAccess/Toyota.eCRB.iCROP.DataAccess.ActivityInfo
		SccLocalPath5 = DataAccess\\Toyota.eCRB.iCROP.DataAccess.ActivityInfo
		SccProjectUniqueName6 = DataAccess\\Toyota.eCRB.iCROP.DataAccess.SC3080203\\Toyota.eCRB.iCROP.DataAccess.SC3080203.vbproj
		SccProjectName6 = DataAccess/Toyota.eCRB.iCROP.DataAccess.SC3080203
		SccLocalPath6 = DataAccess\\Toyota.eCRB.iCROP.DataAccess.SC3080203
		SccProjectUniqueName7 = BizLogic\\Toyota.eCRB.iCROP.BizLogic.ActivityInfo\\Toyota.eCRB.iCROP.BizLogic.ActivityInfo.vbproj
		SccProjectName7 = BizLogic/Toyota.eCRB.iCROP.BizLogic.ActivityInfo
		SccLocalPath7 = BizLogic\\Toyota.eCRB.iCROP.BizLogic.ActivityInfo
		SccProjectUniqueName8 = BizLogic\\Toyota.eCRB.iCROP.BizLogic.SC3080203\\Toyota.eCRB.iCROP.BizLogic.SC3080203.vbproj
		SccProjectName8 = BizLogic/Toyota.eCRB.iCROP.BizLogic.SC3080203
		SccLocalPath8 = BizLogic\\Toyota.eCRB.iCROP.BizLogic.SC3080203
		SccProjectUniqueName9 = BizLogic\\Toyota.eCRB.iCROP.BizLogic.UpdateSalesVisit\\Toyota.eCRB.iCROP.BizLogic.UpdateSalesVisit.vbproj
		SccProjectName9 = BizLogic/Toyota.eCRB.iCROP.BizLogic.UpdateSalesVisit
		SccLocalPath9 = BizLogic\\Toyota.eCRB.iCROP.BizLogic.UpdateSalesVisit
		SccProjectUniqueName10 = BizLogic\\Toyota.eCRB.iCROP.BizLogic.IC3040401\\Toyota.eCRB.iCROP.BizLogic.IC3040401.vbproj
		SccProjectName10 = BizLogic/Toyota.eCRB.iCROP.BizLogic.IC3040401
		SccLocalPath10 = BizLogic\\Toyota.eCRB.iCROP.BizLogic.IC3040401
		SccProjectUniqueName11 = DataAccess\\Toyota.eCRB.iCROP.DataAccess.UpdateSalesVisit\\Toyota.eCRB.iCROP.DataAccess.UpdateSalesVisit.vbproj
		SccProjectName11 = DataAccess/Toyota.eCRB.iCROP.DataAccess.UpdateSalesVisit
		SccLocalPath11 = DataAccess\\Toyota.eCRB.iCROP.DataAccess.UpdateSalesVisit
		SccProjectUniqueName12 = BizLogic\\Toyota.eCRB.iCROP.BizLogic.SC3130501\\Toyota.eCRB.iCROP.BizLogic.SC3130501.vbproj
		SccProjectName12 = BizLogic/Toyota.eCRB.iCROP.BizLogic.SC3130501
		SccLocalPath12 = BizLogic\\Toyota.eCRB.iCROP.BizLogic.SC3130501
		SccProjectUniqueName13 = DataAccess\\Toyota.eCRB.iCROP.DataAccess.SC3130501\\Toyota.eCRB.iCROP.DataAccess.SC3130501.vbproj
		SccProjectName13 = DataAccess/Toyota.eCRB.iCROP.DataAccess.SC3130501
		SccLocalPath13 = DataAccess\\Toyota.eCRB.iCROP.DataAccess.SC3130501
		SccProjectUniqueName14 = DataAccess\\Toyota.eCRB.iCROP.DataAccess.IC3190402\\Toyota.eCRB.iCROP.DataAccess.IC3190402.vbproj
		SccProjectName14 = DataAccess/Toyota.eCRB.iCROP.DataAccess.IC3190402
		SccLocalPath14 = DataAccess\\Toyota.eCRB.iCROP.DataAccess.IC3190402
		SccProjectUniqueName15 = DataAccess\\Toyota.eCRB.iCROP.DataAccess.SC3190402\\Toyota.eCRB.iCROP.DataAccess.SC3190402.vbproj
		SccProjectName15 = DataAccess/Toyota.eCRB.iCROP.DataAccess.SC3190402
		SccLocalPath15 = DataAccess\\Toyota.eCRB.iCROP.DataAccess.SC3190402
		SccProjectUniqueName16 = BizLogic\\Toyota.eCRB.iCROP.BizLogic.SC3190402\\Toyota.eCRB.iCROP.BizLogic.SC3190402.vbproj
		SccProjectName16 = BizLogic/Toyota.eCRB.iCROP.BizLogic.SC3190402
		SccLocalPath16 = BizLogic\\Toyota.eCRB.iCROP.BizLogic.SC3190402
		SccProjectUniqueName17 = BizLogic\\Toyota.eCRB.iCROP.BizLogic.IC3190402\\Toyota.eCRB.iCROP.BizLogic.IC3190402.vbproj
		SccProjectName17 = BizLogic/Toyota.eCRB.iCROP.BizLogic.IC3190402
		SccLocalPath17 = BizLogic\\Toyota.eCRB.iCROP.BizLogic.IC3190402
		SccWebProject18 = true
		SccProjectUniqueName18 = WebSite
		SccProjectName18 = WebSite
		SccLocalPath18 = WebSite
		SccProjectEnlistmentChoice18 = 2
		SccProjectUniqueName19 = BizLogic\\Toyota.eCRB.iCROP.BizLogic.SC3190601\\Toyota.eCRB.iCROP.BizLogic.SC3190601.vbproj
		SccProjectName19 = BizLogic/Toyota.eCRB.iCROP.BizLogic.SC3190601
		SccLocalPath19 = BizLogic\\Toyota.eCRB.iCROP.BizLogic.SC3190601
		SccProjectUniqueName20 = BizLogic\\Toyota.eCRB.iCROP.BizLogic.SC3190602\\Toyota.eCRB.iCROP.BizLogic.SC3190602.vbproj
		SccProjectName20 = BizLogic/Toyota.eCRB.iCROP.BizLogic.SC3190602
		SccLocalPath20 = BizLogic\\Toyota.eCRB.iCROP.BizLogic.SC3190602
		SccProjectUniqueName21 = DataAccess\\Toyota.eCRB.iCROP.DataAccess.SC3190601\\Toyota.eCRB.iCROP.DataAccess.SC3190601.vbproj
		SccProjectName21 = DataAccess/Toyota.eCRB.iCROP.DataAccess.SC3190601
		SccLocalPath21 = DataAccess\\Toyota.eCRB.iCROP.DataAccess.SC3190601
		SccProjectUniqueName22 = DataAccess\\Toyota.eCRB.iCROP.DataAccess.SC3190602\\Toyota.eCRB.iCROP.DataAccess.SC3190602.vbproj
		SccProjectName22 = DataAccess/Toyota.eCRB.iCROP.DataAccess.SC3190602
		SccLocalPath22 = DataAccess\\Toyota.eCRB.iCROP.DataAccess.SC3190602
	EndGlobalSection
	GlobalSection(SolutionConfigurationPlatforms) = preSolution
		Debug|Any CPU = Debug|Any CPU
		Debug|Mixed Platforms = Debug|Mixed Platforms
		Debug|x86 = Debug|x86
		Release|Any CPU = Release|Any CPU
		Release|Mixed Platforms = Release|Mixed Platforms
		Release|x86 = Release|x86
	EndGlobalSection
	GlobalSection(ProjectConfigurationPlatforms) = postSolution
		{499E634A-550A-4F84-A3D3-C159E5C4F94E}.Debug|Any CPU.ActiveCfg = Debug|Any CPU
		{499E634A-550A-4F84-A3D3-C159E5C4F94E}.Debug|Any CPU.Build.0 = Debug|Any CPU
		{499E634A-550A-4F84-A3D3-C159E5C4F94E}.Debug|Mixed Platforms.ActiveCfg = Debug|Any CPU
		{499E634A-550A-4F84-A3D3-C159E5C4F94E}.Debug|Mixed Platforms.Build.0 = Debug|Any CPU
		{499E634A-550A-4F84-A3D3-C159E5C4F94E}.Debug|x86.ActiveCfg = Debug|Any CPU
		{499E634A-550A-4F84-A3D3-C159E5C4F94E}.Debug|x86.Build.0 = Debug|Any CPU
		{499E634A-550A-4F84-A3D3-C159E5C4F94E}.Release|Any CPU.ActiveCfg = Debug|Any CPU
		{499E634A-550A-4F84-A3D3-C159E5C4F94E}.Release|Any CPU.Build.0 = Debug|Any CPU
		{499E634A-550A-4F84-A3D3-C159E5C4F94E}.Release|Mixed Platforms.ActiveCfg = Debug|Any CPU
		{499E634A-550A-4F84-A3D3-C159E5C4F94E}.Release|Mixed Platforms.Build.0 = Debug|Any CPU
		{499E634A-550A-4F84-A3D3-C159E5C4F94E}.Release|x86.ActiveCfg = Debug|Any CPU
		{8469D5A2-D578-4F6D-9248-570E669BAA7B}.Debug|Any CPU.ActiveCfg = Debug|Any CPU
		{8469D5A2-D578-4F6D-9248-570E669BAA7B}.Debug|Any CPU.Build.0 = Debug|Any CPU
		{8469D5A2-D578-4F6D-9248-570E669BAA7B}.Debug|Mixed Platforms.ActiveCfg = Debug|Any CPU
		{8469D5A2-D578-4F6D-9248-570E669BAA7B}.Debug|Mixed Platforms.Build.0 = Debug|Any CPU
		{8469D5A2-D578-4F6D-9248-570E669BAA7B}.Debug|x86.ActiveCfg = Debug|Any CPU
		{8469D5A2-D578-4F6D-9248-570E669BAA7B}.Debug|x86.Build.0 = Debug|Any CPU
		{8469D5A2-D578-4F6D-9248-570E669BAA7B}.Release|Any CPU.ActiveCfg = Release|Any CPU
		{8469D5A2-D578-4F6D-9248-570E669BAA7B}.Release|Any CPU.Build.0 = Release|Any CPU
		{8469D5A2-D578-4F6D-9248-570E669BAA7B}.Release|Mixed Platforms.ActiveCfg = Release|Any CPU
		{8469D5A2-D578-4F6D-9248-570E669BAA7B}.Release|Mixed Platforms.Build.0 = Release|Any CPU
		{8469D5A2-D578-4F6D-9248-570E669BAA7B}.Release|x86.ActiveCfg = Release|Any CPU
		{3AEF3169-D578-4CC0-9146-6BE2892DDDB9}.Debug|Any CPU.ActiveCfg = Debug|Any CPU
		{3AEF3169-D578-4CC0-9146-6BE2892DDDB9}.Debug|Any CPU.Build.0 = Debug|Any CPU
		{3AEF3169-D578-4CC0-9146-6BE2892DDDB9}.Debug|Mixed Platforms.ActiveCfg = Debug|Any CPU
		{3AEF3169-D578-4CC0-9146-6BE2892DDDB9}.Debug|Mixed Platforms.Build.0 = Debug|Any CPU
		{3AEF3169-D578-4CC0-9146-6BE2892DDDB9}.Debug|x86.ActiveCfg = Debug|Any CPU
		{3AEF3169-D578-4CC0-9146-6BE2892DDDB9}.Debug|x86.Build.0 = Debug|Any CPU
		{3AEF3169-D578-4CC0-9146-6BE2892DDDB9}.Release|Any CPU.ActiveCfg = Release|Any CPU
		{3AEF3169-D578-4CC0-9146-6BE2892DDDB9}.Release|Any CPU.Build.0 = Release|Any CPU
		{3AEF3169-D578-4CC0-9146-6BE2892DDDB9}.Release|Mixed Platforms.ActiveCfg = Release|Any CPU
		{3AEF3169-D578-4CC0-9146-6BE2892DDDB9}.Release|Mixed Platforms.Build.0 = Release|Any CPU
		{3AEF3169-D578-4CC0-9146-6BE2892DDDB9}.Release|x86.ActiveCfg = Release|Any CPU
		{1E559816-5B87-4FFB-9CB8-0FEA414CB44C}.Debug|Any CPU.ActiveCfg = Debug|Any CPU
		{1E559816-5B87-4FFB-9CB8-0FEA414CB44C}.Debug|Any CPU.Build.0 = Debug|Any CPU
		{1E559816-5B87-4FFB-9CB8-0FEA414CB44C}.Debug|Mixed Platforms.ActiveCfg = Debug|Any CPU
		{1E559816-5B87-4FFB-9CB8-0FEA414CB44C}.Debug|Mixed Platforms.Build.0 = Debug|Any CPU
		{1E559816-5B87-4FFB-9CB8-0FEA414CB44C}.Debug|x86.ActiveCfg = Debug|Any CPU
		{1E559816-5B87-4FFB-9CB8-0FEA414CB44C}.Debug|x86.Build.0 = Debug|Any CPU
		{1E559816-5B87-4FFB-9CB8-0FEA414CB44C}.Release|Any CPU.ActiveCfg = Release|Any CPU
		{1E559816-5B87-4FFB-9CB8-0FEA414CB44C}.Release|Any CPU.Build.0 = Release|Any CPU
		{1E559816-5B87-4FFB-9CB8-0FEA414CB44C}.Release|Mixed Platforms.ActiveCfg = Release|Any CPU
		{1E559816-5B87-4FFB-9CB8-0FEA414CB44C}.Release|Mixed Platforms.Build.0 = Release|Any CPU
		{1E559816-5B87-4FFB-9CB8-0FEA414CB44C}.Release|x86.ActiveCfg = Release|Any CPU
		{855240CA-2378-45E0-9197-1CAF623A253D}.Debug|Any CPU.ActiveCfg = Debug|Any CPU
		{855240CA-2378-45E0-9197-1CAF623A253D}.Debug|Any CPU.Build.0 = Debug|Any CPU
		{855240CA-2378-45E0-9197-1CAF623A253D}.Debug|Mixed Platforms.ActiveCfg = Debug|Any CPU
		{855240CA-2378-45E0-9197-1CAF623A253D}.Debug|Mixed Platforms.Build.0 = Debug|Any CPU
		{855240CA-2378-45E0-9197-1CAF623A253D}.Debug|x86.ActiveCfg = Debug|Any CPU
		{855240CA-2378-45E0-9197-1CAF623A253D}.Debug|x86.Build.0 = Debug|Any CPU
		{855240CA-2378-45E0-9197-1CAF623A253D}.Release|Any CPU.ActiveCfg = Release|Any CPU
		{855240CA-2378-45E0-9197-1CAF623A253D}.Release|Any CPU.Build.0 = Release|Any CPU
		{855240CA-2378-45E0-9197-1CAF623A253D}.Release|Mixed Platforms.ActiveCfg = Release|Any CPU
		{855240CA-2378-45E0-9197-1CAF623A253D}.Release|Mixed Platforms.Build.0 = Release|Any CPU
		{855240CA-2378-45E0-9197-1CAF623A253D}.Release|x86.ActiveCfg = Release|Any CPU
		{26D9B6AC-F317-414E-AD55-09841446691D}.Debug|Any CPU.ActiveCfg = Debug|Any CPU
		{26D9B6AC-F317-414E-AD55-09841446691D}.Debug|Any CPU.Build.0 = Debug|Any CPU
		{26D9B6AC-F317-414E-AD55-09841446691D}.Debug|Mixed Platforms.ActiveCfg = Debug|Any CPU
		{26D9B6AC-F317-414E-AD55-09841446691D}.Debug|Mixed Platforms.Build.0 = Debug|Any CPU
		{26D9B6AC-F317-414E-AD55-09841446691D}.Debug|x86.ActiveCfg = Debug|Any CPU
		{26D9B6AC-F317-414E-AD55-09841446691D}.Debug|x86.Build.0 = Debug|Any CPU
		{26D9B6AC-F317-414E-AD55-09841446691D}.Release|Any CPU.ActiveCfg = Release|Any CPU
		{26D9B6AC-F317-414E-AD55-09841446691D}.Release|Any CPU.Build.0 = Release|Any CPU
		{26D9B6AC-F317-414E-AD55-09841446691D}.Release|Mixed Platforms.ActiveCfg = Release|Any CPU
		{26D9B6AC-F317-414E-AD55-09841446691D}.Release|Mixed Platforms.Build.0 = Release|Any CPU
		{26D9B6AC-F317-414E-AD55-09841446691D}.Release|x86.ActiveCfg = Release|Any CPU
		{27F43DAD-2EB6-4866-8871-D3C167AA151B}.Debug|Any CPU.ActiveCfg = Debug|Any CPU
		{27F43DAD-2EB6-4866-8871-D3C167AA151B}.Debug|Any CPU.Build.0 = Debug|Any CPU
		{27F43DAD-2EB6-4866-8871-D3C167AA151B}.Debug|Mixed Platforms.ActiveCfg = Debug|Any CPU
		{27F43DAD-2EB6-4866-8871-D3C167AA151B}.Debug|Mixed Platforms.Build.0 = Debug|Any CPU
		{27F43DAD-2EB6-4866-8871-D3C167AA151B}.Debug|x86.ActiveCfg = Debug|Any CPU
		{27F43DAD-2EB6-4866-8871-D3C167AA151B}.Debug|x86.Build.0 = Debug|Any CPU
		{27F43DAD-2EB6-4866-8871-D3C167AA151B}.Release|Any CPU.ActiveCfg = Release|Any CPU
		{27F43DAD-2EB6-4866-8871-D3C167AA151B}.Release|Any CPU.Build.0 = Release|Any CPU
		{27F43DAD-2EB6-4866-8871-D3C167AA151B}.Release|Mixed Platforms.ActiveCfg = Release|Any CPU
		{27F43DAD-2EB6-4866-8871-D3C167AA151B}.Release|Mixed Platforms.Build.0 = Release|Any CPU
		{27F43DAD-2EB6-4866-8871-D3C167AA151B}.Release|x86.ActiveCfg = Release|Any CPU
		{4EBC567E-080F-4EBD-8D32-2F3654830C00}.Debug|Any CPU.ActiveCfg = Debug|Any CPU
		{4EBC567E-080F-4EBD-8D32-2F3654830C00}.Debug|Any CPU.Build.0 = Debug|Any CPU
		{4EBC567E-080F-4EBD-8D32-2F3654830C00}.Debug|Mixed Platforms.ActiveCfg = Debug|Any CPU
		{4EBC567E-080F-4EBD-8D32-2F3654830C00}.Debug|Mixed Platforms.Build.0 = Debug|Any CPU
		{4EBC567E-080F-4EBD-8D32-2F3654830C00}.Debug|x86.ActiveCfg = Debug|Any CPU
		{4EBC567E-080F-4EBD-8D32-2F3654830C00}.Debug|x86.Build.0 = Debug|Any CPU
		{4EBC567E-080F-4EBD-8D32-2F3654830C00}.Release|Any CPU.ActiveCfg = Release|Any CPU
		{4EBC567E-080F-4EBD-8D32-2F3654830C00}.Release|Any CPU.Build.0 = Release|Any CPU
		{4EBC567E-080F-4EBD-8D32-2F3654830C00}.Release|Mixed Platforms.ActiveCfg = Release|Any CPU
		{4EBC567E-080F-4EBD-8D32-2F3654830C00}.Release|Mixed Platforms.Build.0 = Release|Any CPU
		{4EBC567E-080F-4EBD-8D32-2F3654830C00}.Release|x86.ActiveCfg = Release|Any CPU
		{82688D25-3E7A-4D3D-BC47-0F67AD0A9F9F}.Debug|Any CPU.ActiveCfg = Debug|Any CPU
		{82688D25-3E7A-4D3D-BC47-0F67AD0A9F9F}.Debug|Any CPU.Build.0 = Debug|Any CPU
		{82688D25-3E7A-4D3D-BC47-0F67AD0A9F9F}.Debug|Mixed Platforms.ActiveCfg = Debug|Any CPU
		{82688D25-3E7A-4D3D-BC47-0F67AD0A9F9F}.Debug|Mixed Platforms.Build.0 = Debug|Any CPU
		{82688D25-3E7A-4D3D-BC47-0F67AD0A9F9F}.Debug|x86.ActiveCfg = Debug|Any CPU
		{82688D25-3E7A-4D3D-BC47-0F67AD0A9F9F}.Debug|x86.Build.0 = Debug|Any CPU
		{82688D25-3E7A-4D3D-BC47-0F67AD0A9F9F}.Release|Any CPU.ActiveCfg = Release|Any CPU
		{82688D25-3E7A-4D3D-BC47-0F67AD0A9F9F}.Release|Any CPU.Build.0 = Release|Any CPU
		{82688D25-3E7A-4D3D-BC47-0F67AD0A9F9F}.Release|Mixed Platforms.ActiveCfg = Release|Any CPU
		{82688D25-3E7A-4D3D-BC47-0F67AD0A9F9F}.Release|Mixed Platforms.Build.0 = Release|Any CPU
		{82688D25-3E7A-4D3D-BC47-0F67AD0A9F9F}.Release|x86.ActiveCfg = Release|Any CPU
		{9D775875-B879-44A8-89D7-EB149B46C4E3}.Debug|Any CPU.ActiveCfg = Debug|Any CPU
		{9D775875-B879-44A8-89D7-EB149B46C4E3}.Debug|Any CPU.Build.0 = Debug|Any CPU
		{9D775875-B879-44A8-89D7-EB149B46C4E3}.Debug|Mixed Platforms.ActiveCfg = Debug|Any CPU
		{9D775875-B879-44A8-89D7-EB149B46C4E3}.Debug|Mixed Platforms.Build.0 = Debug|Any CPU
		{9D775875-B879-44A8-89D7-EB149B46C4E3}.Debug|x86.ActiveCfg = Debug|Any CPU
		{9D775875-B879-44A8-89D7-EB149B46C4E3}.Debug|x86.Build.0 = Debug|Any CPU
		{9D775875-B879-44A8-89D7-EB149B46C4E3}.Release|Any CPU.ActiveCfg = Release|Any CPU
		{9D775875-B879-44A8-89D7-EB149B46C4E3}.Release|Any CPU.Build.0 = Release|Any CPU
		{9D775875-B879-44A8-89D7-EB149B46C4E3}.Release|Mixed Platforms.ActiveCfg = Release|Any CPU
		{9D775875-B879-44A8-89D7-EB149B46C4E3}.Release|Mixed Platforms.Build.0 = Release|Any CPU
		{9D775875-B879-44A8-89D7-EB149B46C4E3}.Release|x86.ActiveCfg = Release|Any CPU
		{33C20983-A098-4C0D-BF8C-07584953C615}.Debug|Any CPU.ActiveCfg = Debug|Any CPU
		{33C20983-A098-4C0D-BF8C-07584953C615}.Debug|Any CPU.Build.0 = Debug|Any CPU
		{33C20983-A098-4C0D-BF8C-07584953C615}.Debug|Mixed Platforms.ActiveCfg = Debug|Any CPU
		{33C20983-A098-4C0D-BF8C-07584953C615}.Debug|Mixed Platforms.Build.0 = Debug|Any CPU
		{33C20983-A098-4C0D-BF8C-07584953C615}.Debug|x86.ActiveCfg = Debug|Any CPU
		{33C20983-A098-4C0D-BF8C-07584953C615}.Debug|x86.Build.0 = Debug|Any CPU
		{33C20983-A098-4C0D-BF8C-07584953C615}.Release|Any CPU.ActiveCfg = Release|Any CPU
		{33C20983-A098-4C0D-BF8C-07584953C615}.Release|Any CPU.Build.0 = Release|Any CPU
		{33C20983-A098-4C0D-BF8C-07584953C615}.Release|Mixed Platforms.ActiveCfg = Release|Any CPU
		{33C20983-A098-4C0D-BF8C-07584953C615}.Release|Mixed Platforms.Build.0 = Release|Any CPU
		{33C20983-A098-4C0D-BF8C-07584953C615}.Release|x86.ActiveCfg = Release|Any CPU
		{A5F585C9-DF4E-4863-A3E8-1D4792AA5BC5}.Debug|Any CPU.ActiveCfg = Debug|Any CPU
		{A5F585C9-DF4E-4863-A3E8-1D4792AA5BC5}.Debug|Any CPU.Build.0 = Debug|Any CPU
		{A5F585C9-DF4E-4863-A3E8-1D4792AA5BC5}.Debug|Mixed Platforms.ActiveCfg = Debug|Any CPU
		{A5F585C9-DF4E-4863-A3E8-1D4792AA5BC5}.Debug|Mixed Platforms.Build.0 = Debug|Any CPU
		{A5F585C9-DF4E-4863-A3E8-1D4792AA5BC5}.Debug|x86.ActiveCfg = Debug|Any CPU
		{A5F585C9-DF4E-4863-A3E8-1D4792AA5BC5}.Debug|x86.Build.0 = Debug|Any CPU
		{A5F585C9-DF4E-4863-A3E8-1D4792AA5BC5}.Release|Any CPU.ActiveCfg = Release|Any CPU
		{A5F585C9-DF4E-4863-A3E8-1D4792AA5BC5}.Release|Any CPU.Build.0 = Release|Any CPU
		{A5F585C9-DF4E-4863-A3E8-1D4792AA5BC5}.Release|Mixed Platforms.ActiveCfg = Release|Any CPU
		{A5F585C9-DF4E-4863-A3E8-1D4792AA5BC5}.Release|Mixed Platforms.Build.0 = Release|Any CPU
		{A5F585C9-DF4E-4863-A3E8-1D4792AA5BC5}.Release|x86.ActiveCfg = Release|Any CPU
		{621B3C59-3B3E-4EFB-9C7B-91377F52C515}.Debug|Any CPU.ActiveCfg = Debug|Any CPU
		{621B3C59-3B3E-4EFB-9C7B-91377F52C515}.Debug|Any CPU.Build.0 = Debug|Any CPU
		{621B3C59-3B3E-4EFB-9C7B-91377F52C515}.Debug|Mixed Platforms.ActiveCfg = Debug|Any CPU
		{621B3C59-3B3E-4EFB-9C7B-91377F52C515}.Debug|Mixed Platforms.Build.0 = Debug|Any CPU
		{621B3C59-3B3E-4EFB-9C7B-91377F52C515}.Debug|x86.ActiveCfg = Debug|Any CPU
		{621B3C59-3B3E-4EFB-9C7B-91377F52C515}.Debug|x86.Build.0 = Debug|Any CPU
		{621B3C59-3B3E-4EFB-9C7B-91377F52C515}.Release|Any CPU.ActiveCfg = Release|Any CPU
		{621B3C59-3B3E-4EFB-9C7B-91377F52C515}.Release|Any CPU.Build.0 = Release|Any CPU
		{621B3C59-3B3E-4EFB-9C7B-91377F52C515}.Release|Mixed Platforms.ActiveCfg = Release|Any CPU
		{621B3C59-3B3E-4EFB-9C7B-91377F52C515}.Release|Mixed Platforms.Build.0 = Release|Any CPU
		{621B3C59-3B3E-4EFB-9C7B-91377F52C515}.Release|x86.ActiveCfg = Release|Any CPU
		{5473EFBD-F2AB-4AF8-811A-143FFC11D9CD}.Debug|Any CPU.ActiveCfg = Debug|Any CPU
		{5473EFBD-F2AB-4AF8-811A-143FFC11D9CD}.Debug|Any CPU.Build.0 = Debug|Any CPU
		{5473EFBD-F2AB-4AF8-811A-143FFC11D9CD}.Debug|Mixed Platforms.ActiveCfg = Debug|Any CPU
		{5473EFBD-F2AB-4AF8-811A-143FFC11D9CD}.Debug|Mixed Platforms.Build.0 = Debug|Any CPU
		{5473EFBD-F2AB-4AF8-811A-143FFC11D9CD}.Debug|x86.ActiveCfg = Debug|Any CPU
		{5473EFBD-F2AB-4AF8-811A-143FFC11D9CD}.Debug|x86.Build.0 = Debug|Any CPU
		{5473EFBD-F2AB-4AF8-811A-143FFC11D9CD}.Release|Any CPU.ActiveCfg = Release|Any CPU
		{5473EFBD-F2AB-4AF8-811A-143FFC11D9CD}.Release|Any CPU.Build.0 = Release|Any CPU
		{5473EFBD-F2AB-4AF8-811A-143FFC11D9CD}.Release|Mixed Platforms.ActiveCfg = Release|Any CPU
		{5473EFBD-F2AB-4AF8-811A-143FFC11D9CD}.Release|Mixed Platforms.Build.0 = Release|Any CPU
		{5473EFBD-F2AB-4AF8-811A-143FFC11D9CD}.Release|x86.ActiveCfg = Release|Any CPU
		{7F18E4B6-F8EA-4AAE-85E1-42E216D16A43}.Debug|Any CPU.ActiveCfg = Debug|Any CPU
		{7F18E4B6-F8EA-4AAE-85E1-42E216D16A43}.Debug|Any CPU.Build.0 = Debug|Any CPU
		{7F18E4B6-F8EA-4AAE-85E1-42E216D16A43}.Debug|Mixed Platforms.ActiveCfg = Debug|Any CPU
		{7F18E4B6-F8EA-4AAE-85E1-42E216D16A43}.Debug|Mixed Platforms.Build.0 = Debug|Any CPU
		{7F18E4B6-F8EA-4AAE-85E1-42E216D16A43}.Debug|x86.ActiveCfg = Debug|Any CPU
		{7F18E4B6-F8EA-4AAE-85E1-42E216D16A43}.Debug|x86.Build.0 = Debug|Any CPU
		{7F18E4B6-F8EA-4AAE-85E1-42E216D16A43}.Release|Any CPU.ActiveCfg = Release|Any CPU
		{7F18E4B6-F8EA-4AAE-85E1-42E216D16A43}.Release|Any CPU.Build.0 = Release|Any CPU
		{7F18E4B6-F8EA-4AAE-85E1-42E216D16A43}.Release|Mixed Platforms.ActiveCfg = Release|Any CPU
		{7F18E4B6-F8EA-4AAE-85E1-42E216D16A43}.Release|Mixed Platforms.Build.0 = Release|Any CPU
		{7F18E4B6-F8EA-4AAE-85E1-42E216D16A43}.Release|x86.ActiveCfg = Release|Any CPU
		{95A47728-DD8F-43FC-A8DD-96A49C62DBE3}.Debug|Any CPU.ActiveCfg = Debug|Any CPU
		{95A47728-DD8F-43FC-A8DD-96A49C62DBE3}.Debug|Any CPU.Build.0 = Debug|Any CPU
		{95A47728-DD8F-43FC-A8DD-96A49C62DBE3}.Debug|Mixed Platforms.ActiveCfg = Debug|Any CPU
		{95A47728-DD8F-43FC-A8DD-96A49C62DBE3}.Debug|Mixed Platforms.Build.0 = Debug|Any CPU
		{95A47728-DD8F-43FC-A8DD-96A49C62DBE3}.Debug|x86.ActiveCfg = Debug|Any CPU
		{95A47728-DD8F-43FC-A8DD-96A49C62DBE3}.Debug|x86.Build.0 = Debug|Any CPU
		{95A47728-DD8F-43FC-A8DD-96A49C62DBE3}.Release|Any CPU.ActiveCfg = Release|Any CPU
		{95A47728-DD8F-43FC-A8DD-96A49C62DBE3}.Release|Any CPU.Build.0 = Release|Any CPU
		{95A47728-DD8F-43FC-A8DD-96A49C62DBE3}.Release|Mixed Platforms.ActiveCfg = Release|Any CPU
		{95A47728-DD8F-43FC-A8DD-96A49C62DBE3}.Release|Mixed Platforms.Build.0 = Release|Any CPU
		{95A47728-DD8F-43FC-A8DD-96A49C62DBE3}.Release|x86.ActiveCfg = Release|Any CPU
		{47DFE840-D206-495A-ABF9-47148618B516}.Debug|Any CPU.ActiveCfg = Debug|Any CPU
		{47DFE840-D206-495A-ABF9-47148618B516}.Debug|Any CPU.Build.0 = Debug|Any CPU
		{47DFE840-D206-495A-ABF9-47148618B516}.Debug|Mixed Platforms.ActiveCfg = Debug|Any CPU
		{47DFE840-D206-495A-ABF9-47148618B516}.Debug|Mixed Platforms.Build.0 = Debug|Any CPU
		{47DFE840-D206-495A-ABF9-47148618B516}.Debug|x86.ActiveCfg = Debug|Any CPU
		{47DFE840-D206-495A-ABF9-47148618B516}.Debug|x86.Build.0 = Debug|Any CPU
		{47DFE840-D206-495A-ABF9-47148618B516}.Release|Any CPU.ActiveCfg = Release|Any CPU
		{47DFE840-D206-495A-ABF9-47148618B516}.Release|Any CPU.Build.0 = Release|Any CPU
		{47DFE840-D206-495A-ABF9-47148618B516}.Release|Mixed Platforms.ActiveCfg = Release|Any CPU
		{47DFE840-D206-495A-ABF9-47148618B516}.Release|Mixed Platforms.Build.0 = Release|Any CPU
		{47DFE840-D206-495A-ABF9-47148618B516}.Release|x86.ActiveCfg = Release|Any CPU
		{6E9CDA37-97D1-4569-8EAF-D5C4D540E681}.Debug|Any CPU.ActiveCfg = Debug|Any CPU
		{6E9CDA37-97D1-4569-8EAF-D5C4D540E681}.Debug|Any CPU.Build.0 = Debug|Any CPU
		{6E9CDA37-97D1-4569-8EAF-D5C4D540E681}.Debug|Mixed Platforms.ActiveCfg = Debug|Any CPU
		{6E9CDA37-97D1-4569-8EAF-D5C4D540E681}.Debug|Mixed Platforms.Build.0 = Debug|Any CPU
		{6E9CDA37-97D1-4569-8EAF-D5C4D540E681}.Debug|x86.ActiveCfg = Debug|Any CPU
		{6E9CDA37-97D1-4569-8EAF-D5C4D540E681}.Debug|x86.Build.0 = Debug|Any CPU
		{6E9CDA37-97D1-4569-8EAF-D5C4D540E681}.Release|Any CPU.ActiveCfg = Release|Any CPU
		{6E9CDA37-97D1-4569-8EAF-D5C4D540E681}.Release|Any CPU.Build.0 = Release|Any CPU
		{6E9CDA37-97D1-4569-8EAF-D5C4D540E681}.Release|Mixed Platforms.ActiveCfg = Release|Any CPU
		{6E9CDA37-97D1-4569-8EAF-D5C4D540E681}.Release|Mixed Platforms.Build.0 = Release|Any CPU
		{6E9CDA37-97D1-4569-8EAF-D5C4D540E681}.Release|x86.ActiveCfg = Release|Any CPU
		{6345F107-8A74-430A-82C9-75334C564941}.Debug|Any CPU.ActiveCfg = Debug|Any CPU
		{6345F107-8A74-430A-82C9-75334C564941}.Debug|Any CPU.Build.0 = Debug|Any CPU
		{6345F107-8A74-430A-82C9-75334C564941}.Debug|Mixed Platforms.ActiveCfg = Debug|Any CPU
		{6345F107-8A74-430A-82C9-75334C564941}.Debug|Mixed Platforms.Build.0 = Debug|Any CPU
		{6345F107-8A74-430A-82C9-75334C564941}.Debug|x86.ActiveCfg = Debug|Any CPU
		{6345F107-8A74-430A-82C9-75334C564941}.Debug|x86.Build.0 = Debug|Any CPU
		{6345F107-8A74-430A-82C9-75334C564941}.Release|Any CPU.ActiveCfg = Release|Any CPU
		{6345F107-8A74-430A-82C9-75334C564941}.Release|Any CPU.Build.0 = Release|Any CPU
		{6345F107-8A74-430A-82C9-75334C564941}.Release|Mixed Platforms.ActiveCfg = Release|Any CPU
		{6345F107-8A74-430A-82C9-75334C564941}.Release|Mixed Platforms.Build.0 = Release|Any CPU
		{6345F107-8A74-430A-82C9-75334C564941}.Release|x86.ActiveCfg = Release|Any CPU
		{0257BC97-D7C1-41CB-B95F-9980E06567AF}.Debug|Any CPU.ActiveCfg = Debug|Any CPU
		{0257BC97-D7C1-41CB-B95F-9980E06567AF}.Debug|Any CPU.Build.0 = Debug|Any CPU
		{0257BC97-D7C1-41CB-B95F-9980E06567AF}.Debug|Mixed Platforms.ActiveCfg = Debug|Any CPU
		{0257BC97-D7C1-41CB-B95F-9980E06567AF}.Debug|Mixed Platforms.Build.0 = Debug|Any CPU
		{0257BC97-D7C1-41CB-B95F-9980E06567AF}.Debug|x86.ActiveCfg = Debug|Any CPU
		{0257BC97-D7C1-41CB-B95F-9980E06567AF}.Debug|x86.Build.0 = Debug|Any CPU
		{0257BC97-D7C1-41CB-B95F-9980E06567AF}.Release|Any CPU.ActiveCfg = Release|Any CPU
		{0257BC97-D7C1-41CB-B95F-9980E06567AF}.Release|Any CPU.Build.0 = Release|Any CPU
		{0257BC97-D7C1-41CB-B95F-9980E06567AF}.Release|Mixed Platforms.ActiveCfg = Release|Any CPU
		{0257BC97-D7C1-41CB-B95F-9980E06567AF}.Release|Mixed Platforms.Build.0 = Release|Any CPU
		{0257BC97-D7C1-41CB-B95F-9980E06567AF}.Release|x86.ActiveCfg = Release|Any CPU
		{B3EDB2F1-057C-4138-AC5F-33E08DEB2469}.Debug|Any CPU.ActiveCfg = Debug|Any CPU
		{B3EDB2F1-057C-4138-AC5F-33E08DEB2469}.Debug|Any CPU.Build.0 = Debug|Any CPU
		{B3EDB2F1-057C-4138-AC5F-33E08DEB2469}.Debug|Mixed Platforms.ActiveCfg = Debug|Any CPU
		{B3EDB2F1-057C-4138-AC5F-33E08DEB2469}.Debug|Mixed Platforms.Build.0 = Debug|Any CPU
		{B3EDB2F1-057C-4138-AC5F-33E08DEB2469}.Debug|x86.ActiveCfg = Debug|Any CPU
		{B3EDB2F1-057C-4138-AC5F-33E08DEB2469}.Debug|x86.Build.0 = Debug|Any CPU
		{B3EDB2F1-057C-4138-AC5F-33E08DEB2469}.Release|Any CPU.ActiveCfg = Release|Any CPU
		{B3EDB2F1-057C-4138-AC5F-33E08DEB2469}.Release|Any CPU.Build.0 = Release|Any CPU
		{B3EDB2F1-057C-4138-AC5F-33E08DEB2469}.Release|Mixed Platforms.ActiveCfg = Release|Any CPU
		{B3EDB2F1-057C-4138-AC5F-33E08DEB2469}.Release|Mixed Platforms.Build.0 = Release|Any CPU
		{B3EDB2F1-057C-4138-AC5F-33E08DEB2469}.Release|x86.ActiveCfg = Release|Any CPU
		{6B24A981-26FB-43E6-BB3D-4B5F1F3CECA6}.Debug|Any CPU.ActiveCfg = Debug|Any CPU
		{6B24A981-26FB-43E6-BB3D-4B5F1F3CECA6}.Debug|Any CPU.Build.0 = Debug|Any CPU
		{6B24A981-26FB-43E6-BB3D-4B5F1F3CECA6}.Debug|Mixed Platforms.ActiveCfg = Debug|Any CPU
		{6B24A981-26FB-43E6-BB3D-4B5F1F3CECA6}.Debug|Mixed Platforms.Build.0 = Debug|Any CPU
		{6B24A981-26FB-43E6-BB3D-4B5F1F3CECA6}.Debug|x86.ActiveCfg = Debug|Any CPU
		{6B24A981-26FB-43E6-BB3D-4B5F1F3CECA6}.Debug|x86.Build.0 = Debug|Any CPU
		{6B24A981-26FB-43E6-BB3D-4B5F1F3CECA6}.Release|Any CPU.ActiveCfg = Release|Any CPU
		{6B24A981-26FB-43E6-BB3D-4B5F1F3CECA6}.Release|Any CPU.Build.0 = Release|Any CPU
		{6B24A981-26FB-43E6-BB3D-4B5F1F3CECA6}.Release|Mixed Platforms.ActiveCfg = Release|Any CPU
		{6B24A981-26FB-43E6-BB3D-4B5F1F3CECA6}.Release|Mixed Platforms.Build.0 = Release|Any CPU
		{6B24A981-26FB-43E6-BB3D-4B5F1F3CECA6}.Release|x86.ActiveCfg = Release|Any CPU
	EndGlobalSection
	GlobalSection(SolutionProperties) = preSolution
		HideSolutionNode = FALSE
	EndGlobalSection
EndGlobal
